// !$*UTF8*$!
{
	archiveVersion = 1;
	classes = {
	};
	objectVersion = 46;
	objects = {

/* Begin PBXBuildFile section */
		054058D91A5A8213006570A7 /* SASFolderSyncRequest.cpp in Sources */ = {isa = PBXBuildFile; fileRef = 054058C91A5A8213006570A7 /* SASFolderSyncRequest.cpp */; };
		054058DA1A5A8213006570A7 /* SASFolderSyncResponse.cpp in Sources */ = {isa = PBXBuildFile; fileRef = 054058CB1A5A8213006570A7 /* SASFolderSyncResponse.cpp */; };
		054058DC1A5A8213006570A7 /* SASAttachment.cpp in Sources */ = {isa = PBXBuildFile; fileRef = 054058CF1A5A8213006570A7 /* SASAttachment.cpp */; };
		054058DD1A5A8213006570A7 /* SASBaseEntity.cpp in Sources */ = {isa = PBXBuildFile; fileRef = 054058D11A5A8213006570A7 /* SASBaseEntity.cpp */; };
		054058DE1A5A8213006570A7 /* SASBody.cpp in Sources */ = {isa = PBXBuildFile; fileRef = 054058D31A5A8213006570A7 /* SASBody.cpp */; };
		054058DF1A5A8213006570A7 /* SASFolder.cpp in Sources */ = {isa = PBXBuildFile; fileRef = 054058D51A5A8213006570A7 /* SASFolder.cpp */; };
		054058E01A5A8213006570A7 /* SASMail.cpp in Sources */ = {isa = PBXBuildFile; fileRef = 054058D71A5A8213006570A7 /* SASMail.cpp */; };
		054058E31A5AB391006570A7 /* SASSyncRequest.cpp in Sources */ = {isa = PBXBuildFile; fileRef = 054058E11A5AB391006570A7 /* SASSyncRequest.cpp */; };
		990EEA6F1A5C333A001021C8 /* SASSyncResponse.cpp in Sources */ = {isa = PBXBuildFile; fileRef = 990EEA6D1A5C333A001021C8 /* SASSyncResponse.cpp */; };
		990EEA721A5CEC04001021C8 /* SASCollection.cpp in Sources */ = {isa = PBXBuildFile; fileRef = 990EEA701A5CEC04001021C8 /* SASCollection.cpp */; };
		990EEA751A5D10D8001021C8 /* SASSendMailRequest.cpp in Sources */ = {isa = PBXBuildFile; fileRef = 990EEA731A5D10D8001021C8 /* SASSendMailRequest.cpp */; };
		990EEA781A5D1A98001021C8 /* SASSendMailResponse.cpp in Sources */ = {isa = PBXBuildFile; fileRef = 990EEA761A5D1A98001021C8 /* SASSendMailResponse.cpp */; };
		9941D9B41A5B8D9A006856F7 /* SASItemOperationsRequest.cpp in Sources */ = {isa = PBXBuildFile; fileRef = 9941D9B21A5B8D9A006856F7 /* SASItemOperationsRequest.cpp */; };
		9941D9B71A5BBB70006856F7 /* SASItemOperationsResponse.cpp in Sources */ = {isa = PBXBuildFile; fileRef = 9941D9B51A5BBB70006856F7 /* SASItemOperationsResponse.cpp */; };
		BA0DA84D1A42F263005EA85D /* SASCommandResponse.cpp in Sources */ = {isa = PBXBuildFile; fileRef = BA0DA84B1A42F263005EA85D /* SASCommandResponse.cpp */; };
		BA0DA8531A433E2B005EA85D /* SASProvisionRequest.cpp in Sources */ = {isa = PBXBuildFile; fileRef = BA0DA8511A433E2B005EA85D /* SASProvisionRequest.cpp */; };
		BA0DA8561A433E69005EA85D /* SASProvisionResponse.cpp in Sources */ = {isa = PBXBuildFile; fileRef = BA0DA8541A433E69005EA85D /* SASProvisionResponse.cpp */; };
		BA0DA8591A434A8D005EA85D /* SASDevice.cpp in Sources */ = {isa = PBXBuildFile; fileRef = BA0DA8571A434A8D005EA85D /* SASDevice.cpp */; };
		BA577E6E1A3DBBF600AFFA14 /* main.cpp in Sources */ = {isa = PBXBuildFile; fileRef = BA577E6D1A3DBBF600AFFA14 /* main.cpp */; };
		BA577EE11A3DE55800AFFA14 /* SASWBXml.cpp in Sources */ = {isa = PBXBuildFile; fileRef = BA577EDF1A3DE55800AFFA14 /* SASWBXml.cpp */; };
		BA577EFC1A3EA9EC00AFFA14 /* libexpat.dylib in Frameworks */ = {isa = PBXBuildFile; fileRef = BA577EFB1A3EA9EC00AFFA14 /* libexpat.dylib */; };
		BA577EFF1A3ED3EF00AFFA14 /* SASOptionsRequest.cpp in Sources */ = {isa = PBXBuildFile; fileRef = BA577EFD1A3ED3EF00AFFA14 /* SASOptionsRequest.cpp */; };
		BA577F5B1A407ADD00AFFA14 /* SASHTTPResponse.cpp in Sources */ = {isa = PBXBuildFile; fileRef = BA577F591A407ADD00AFFA14 /* SASHTTPResponse.cpp */; };
		BA577F5E1A412EB500AFFA14 /* SASCommandRequest.cpp in Sources */ = {isa = PBXBuildFile; fileRef = BA577F5C1A412EB500AFFA14 /* SASCommandRequest.cpp */; };
		BA577F611A41312C00AFFA14 /* SASHTTPRequest.cpp in Sources */ = {isa = PBXBuildFile; fileRef = BA577F5F1A41312C00AFFA14 /* SASHTTPRequest.cpp */; };
		BA577F6A1A41DDA700AFFA14 /* SASEncodedRequest.cpp in Sources */ = {isa = PBXBuildFile; fileRef = BA577F681A41DDA700AFFA14 /* SASEncodedRequest.cpp */; };
		BA577F821A42078E00AFFA14 /* decode.c in Sources */ = {isa = PBXBuildFile; fileRef = BA577F801A42078E00AFFA14 /* decode.c */; };
		BA577F831A42078E00AFFA14 /* encode.c in Sources */ = {isa = PBXBuildFile; fileRef = BA577F811A42078E00AFFA14 /* encode.c */; };
		BABA8CA11A52A2F100217190 /* SASPolicy.cpp in Sources */ = {isa = PBXBuildFile; fileRef = BABA8C9F1A52A2F100217190 /* SASPolicy.cpp */; };
		FF24AEA6AEB6577428129CCB /* libPods-SlimEAS.a in Frameworks */ = {isa = PBXBuildFile; fileRef = 5D354E9349270CD1CC4F7266 /* libPods-SlimEAS.a */; };
/* End PBXBuildFile section */

/* Begin PBXCopyFilesBuildPhase section */
		BA577E681A3DBBF600AFFA14 /* CopyFiles */ = {
			isa = PBXCopyFilesBuildPhase;
			buildActionMask = 8;
			dstPath = usr/share/man/man1;
			dstSubfolderSpec = 16;
			files = (
			);
			runOnlyForDeploymentPostprocessing = 1;
		};
/* End PBXCopyFilesBuildPhase section */

/* Begin PBXFileReference section */
		054058C91A5A8213006570A7 /* SASFolderSyncRequest.cpp */ = {isa = PBXFileReference; fileEncoding = 4; lastKnownFileType = sourcecode.cpp.cpp; path = SASFolderSyncRequest.cpp; sourceTree = "<group>"; };
		054058CA1A5A8213006570A7 /* SASFolderSyncRequest.h */ = {isa = PBXFileReference; fileEncoding = 4; lastKnownFileType = sourcecode.c.h; path = SASFolderSyncRequest.h; sourceTree = "<group>"; };
		054058CB1A5A8213006570A7 /* SASFolderSyncResponse.cpp */ = {isa = PBXFileReference; fileEncoding = 4; lastKnownFileType = sourcecode.cpp.cpp; path = SASFolderSyncResponse.cpp; sourceTree = "<group>"; };
		054058CC1A5A8213006570A7 /* SASFolderSyncResponse.h */ = {isa = PBXFileReference; fileEncoding = 4; lastKnownFileType = sourcecode.c.h; path = SASFolderSyncResponse.h; sourceTree = "<group>"; };
		054058CF1A5A8213006570A7 /* SASAttachment.cpp */ = {isa = PBXFileReference; fileEncoding = 4; lastKnownFileType = sourcecode.cpp.cpp; path = SASAttachment.cpp; sourceTree = "<group>"; };
		054058D01A5A8213006570A7 /* SASAttachment.h */ = {isa = PBXFileReference; fileEncoding = 4; lastKnownFileType = sourcecode.c.h; path = SASAttachment.h; sourceTree = "<group>"; };
		054058D11A5A8213006570A7 /* SASBaseEntity.cpp */ = {isa = PBXFileReference; fileEncoding = 4; lastKnownFileType = sourcecode.cpp.cpp; path = SASBaseEntity.cpp; sourceTree = "<group>"; };
		054058D21A5A8213006570A7 /* SASBaseEntity.h */ = {isa = PBXFileReference; fileEncoding = 4; lastKnownFileType = sourcecode.c.h; path = SASBaseEntity.h; sourceTree = "<group>"; };
		054058D31A5A8213006570A7 /* SASBody.cpp */ = {isa = PBXFileReference; fileEncoding = 4; lastKnownFileType = sourcecode.cpp.cpp; path = SASBody.cpp; sourceTree = "<group>"; };
		054058D41A5A8213006570A7 /* SASBody.h */ = {isa = PBXFileReference; fileEncoding = 4; lastKnownFileType = sourcecode.c.h; path = SASBody.h; sourceTree = "<group>"; };
		054058D51A5A8213006570A7 /* SASFolder.cpp */ = {isa = PBXFileReference; fileEncoding = 4; lastKnownFileType = sourcecode.cpp.cpp; path = SASFolder.cpp; sourceTree = "<group>"; };
		054058D61A5A8213006570A7 /* SASFolder.h */ = {isa = PBXFileReference; fileEncoding = 4; lastKnownFileType = sourcecode.c.h; path = SASFolder.h; sourceTree = "<group>"; };
		054058D71A5A8213006570A7 /* SASMail.cpp */ = {isa = PBXFileReference; fileEncoding = 4; lastKnownFileType = sourcecode.cpp.cpp; path = SASMail.cpp; sourceTree = "<group>"; };
		054058D81A5A8213006570A7 /* SASMail.h */ = {isa = PBXFileReference; fileEncoding = 4; lastKnownFileType = sourcecode.c.h; path = SASMail.h; sourceTree = "<group>"; };
		054058E11A5AB391006570A7 /* SASSyncRequest.cpp */ = {isa = PBXFileReference; fileEncoding = 4; lastKnownFileType = sourcecode.cpp.cpp; path = SASSyncRequest.cpp; sourceTree = "<group>"; };
		054058E21A5AB391006570A7 /* SASSyncRequest.h */ = {isa = PBXFileReference; fileEncoding = 4; lastKnownFileType = sourcecode.c.h; path = SASSyncRequest.h; sourceTree = "<group>"; };
		53A340F5F0F2D48160ABDFA5 /* Pods-SlimEAS.release.xcconfig */ = {isa = PBXFileReference; includeInIndex = 1; lastKnownFileType = text.xcconfig; name = "Pods-SlimEAS.release.xcconfig"; path = "Pods/Target Support Files/Pods-SlimEAS/Pods-SlimEAS.release.xcconfig"; sourceTree = "<group>"; };
		5D354E9349270CD1CC4F7266 /* libPods-SlimEAS.a */ = {isa = PBXFileReference; explicitFileType = archive.ar; includeInIndex = 0; path = "libPods-SlimEAS.a"; sourceTree = BUILT_PRODUCTS_DIR; };
		90E344EA0B7514C84511E335 /* Pods-SlimEAS.debug.xcconfig */ = {isa = PBXFileReference; includeInIndex = 1; lastKnownFileType = text.xcconfig; name = "Pods-SlimEAS.debug.xcconfig"; path = "Pods/Target Support Files/Pods-SlimEAS/Pods-SlimEAS.debug.xcconfig"; sourceTree = "<group>"; };
		990EEA6D1A5C333A001021C8 /* SASSyncResponse.cpp */ = {isa = PBXFileReference; fileEncoding = 4; lastKnownFileType = sourcecode.cpp.cpp; path = SASSyncResponse.cpp; sourceTree = "<group>"; };
		990EEA6E1A5C333A001021C8 /* SASSyncResponse.h */ = {isa = PBXFileReference; fileEncoding = 4; lastKnownFileType = sourcecode.c.h; path = SASSyncResponse.h; sourceTree = "<group>"; };
		990EEA701A5CEC04001021C8 /* SASCollection.cpp */ = {isa = PBXFileReference; fileEncoding = 4; lastKnownFileType = sourcecode.cpp.cpp; path = SASCollection.cpp; sourceTree = "<group>"; };
		990EEA711A5CEC04001021C8 /* SASCollection.h */ = {isa = PBXFileReference; fileEncoding = 4; lastKnownFileType = sourcecode.c.h; path = SASCollection.h; sourceTree = "<group>"; };
		990EEA731A5D10D8001021C8 /* SASSendMailRequest.cpp */ = {isa = PBXFileReference; fileEncoding = 4; lastKnownFileType = sourcecode.cpp.cpp; path = SASSendMailRequest.cpp; sourceTree = "<group>"; };
		990EEA741A5D10D8001021C8 /* SASSendMailRequest.h */ = {isa = PBXFileReference; fileEncoding = 4; lastKnownFileType = sourcecode.c.h; path = SASSendMailRequest.h; sourceTree = "<group>"; };
		990EEA761A5D1A98001021C8 /* SASSendMailResponse.cpp */ = {isa = PBXFileReference; fileEncoding = 4; lastKnownFileType = sourcecode.cpp.cpp; path = SASSendMailResponse.cpp; sourceTree = "<group>"; };
		990EEA771A5D1A98001021C8 /* SASSendMailResponse.h */ = {isa = PBXFileReference; fileEncoding = 4; lastKnownFileType = sourcecode.c.h; path = SASSendMailResponse.h; sourceTree = "<group>"; };
		9941D9B21A5B8D9A006856F7 /* SASItemOperationsRequest.cpp */ = {isa = PBXFileReference; fileEncoding = 4; lastKnownFileType = sourcecode.cpp.cpp; path = SASItemOperationsRequest.cpp; sourceTree = "<group>"; };
		9941D9B31A5B8D9A006856F7 /* SASItemOperationsRequest.h */ = {isa = PBXFileReference; fileEncoding = 4; lastKnownFileType = sourcecode.c.h; path = SASItemOperationsRequest.h; sourceTree = "<group>"; };
		9941D9B51A5BBB70006856F7 /* SASItemOperationsResponse.cpp */ = {isa = PBXFileReference; fileEncoding = 4; lastKnownFileType = sourcecode.cpp.cpp; path = SASItemOperationsResponse.cpp; sourceTree = "<group>"; };
		9941D9B61A5BBB70006856F7 /* SASItemOperationsResponse.h */ = {isa = PBXFileReference; fileEncoding = 4; lastKnownFileType = sourcecode.c.h; path = SASItemOperationsResponse.h; sourceTree = "<group>"; };
		BA0DA84B1A42F263005EA85D /* SASCommandResponse.cpp */ = {isa = PBXFileReference; fileEncoding = 4; lastKnownFileType = sourcecode.cpp.cpp; path = SASCommandResponse.cpp; sourceTree = "<group>"; };
		BA0DA84C1A42F263005EA85D /* SASCommandResponse.h */ = {isa = PBXFileReference; fileEncoding = 4; lastKnownFileType = sourcecode.c.h; path = SASCommandResponse.h; sourceTree = "<group>"; };
		BA0DA84E1A4323EA005EA85D /* libxml2.dylib */ = {isa = PBXFileReference; lastKnownFileType = "compiled.mach-o.dylib"; name = libxml2.dylib; path = usr/lib/libxml2.dylib; sourceTree = SDKROOT; };
		BA0DA8511A433E2B005EA85D /* SASProvisionRequest.cpp */ = {isa = PBXFileReference; fileEncoding = 4; lastKnownFileType = sourcecode.cpp.cpp; path = SASProvisionRequest.cpp; sourceTree = "<group>"; };
		BA0DA8521A433E2B005EA85D /* SASProvisionRequest.h */ = {isa = PBXFileReference; fileEncoding = 4; lastKnownFileType = sourcecode.c.h; path = SASProvisionRequest.h; sourceTree = "<group>"; };
		BA0DA8541A433E69005EA85D /* SASProvisionResponse.cpp */ = {isa = PBXFileReference; fileEncoding = 4; lastKnownFileType = sourcecode.cpp.cpp; path = SASProvisionResponse.cpp; sourceTree = "<group>"; };
		BA0DA8551A433E69005EA85D /* SASProvisionResponse.h */ = {isa = PBXFileReference; fileEncoding = 4; lastKnownFileType = sourcecode.c.h; path = SASProvisionResponse.h; sourceTree = "<group>"; };
		BA0DA8571A434A8D005EA85D /* SASDevice.cpp */ = {isa = PBXFileReference; fileEncoding = 4; lastKnownFileType = sourcecode.cpp.cpp; path = SASDevice.cpp; sourceTree = "<group>"; };
		BA0DA8581A434A8D005EA85D /* SASDevice.h */ = {isa = PBXFileReference; fileEncoding = 4; lastKnownFileType = sourcecode.c.h; path = SASDevice.h; sourceTree = "<group>"; };
		BA577E6A1A3DBBF600AFFA14 /* SlimEAS */ = {isa = PBXFileReference; explicitFileType = "compiled.mach-o.executable"; includeInIndex = 0; path = SlimEAS; sourceTree = BUILT_PRODUCTS_DIR; };
		BA577E6D1A3DBBF600AFFA14 /* main.cpp */ = {isa = PBXFileReference; lastKnownFileType = sourcecode.cpp.cpp; path = main.cpp; sourceTree = "<group>"; };
		BA577EC91A3DD99B00AFFA14 /* libcurl.dylib */ = {isa = PBXFileReference; lastKnownFileType = "compiled.mach-o.dylib"; name = libcurl.dylib; path = usr/lib/libcurl.dylib; sourceTree = SDKROOT; };
		BA577ECB1A3DDF2700AFFA14 /* libcurl.4.dylib */ = {isa = PBXFileReference; lastKnownFileType = "compiled.mach-o.dylib"; name = libcurl.4.dylib; path = usr/lib/libcurl.4.dylib; sourceTree = SDKROOT; };
		BA577EDF1A3DE55800AFFA14 /* SASWBXml.cpp */ = {isa = PBXFileReference; fileEncoding = 4; lastKnownFileType = sourcecode.cpp.cpp; path = SASWBXml.cpp; sourceTree = "<group>"; };
		BA577EE01A3DE55800AFFA14 /* SASWBXml.h */ = {isa = PBXFileReference; fileEncoding = 4; lastKnownFileType = sourcecode.c.h; path = SASWBXml.h; sourceTree = "<group>"; };
		BA577EFB1A3EA9EC00AFFA14 /* libexpat.dylib */ = {isa = PBXFileReference; lastKnownFileType = "compiled.mach-o.dylib"; name = libexpat.dylib; path = usr/lib/libexpat.dylib; sourceTree = SDKROOT; };
		BA577EFD1A3ED3EF00AFFA14 /* SASOptionsRequest.cpp */ = {isa = PBXFileReference; fileEncoding = 4; lastKnownFileType = sourcecode.cpp.cpp; path = SASOptionsRequest.cpp; sourceTree = "<group>"; };
		BA577EFE1A3ED3EF00AFFA14 /* SASOptionsRequest.h */ = {isa = PBXFileReference; fileEncoding = 4; lastKnownFileType = sourcecode.c.h; path = SASOptionsRequest.h; sourceTree = "<group>"; };
		BA577F001A3ED70000AFFA14 /* SASDefine.h */ = {isa = PBXFileReference; lastKnownFileType = sourcecode.c.h; path = SASDefine.h; sourceTree = "<group>"; };
		BA577F591A407ADD00AFFA14 /* SASHTTPResponse.cpp */ = {isa = PBXFileReference; fileEncoding = 4; lastKnownFileType = sourcecode.cpp.cpp; path = SASHTTPResponse.cpp; sourceTree = "<group>"; };
		BA577F5A1A407ADD00AFFA14 /* SASHTTPResponse.h */ = {isa = PBXFileReference; fileEncoding = 4; lastKnownFileType = sourcecode.c.h; path = SASHTTPResponse.h; sourceTree = "<group>"; };
		BA577F5C1A412EB500AFFA14 /* SASCommandRequest.cpp */ = {isa = PBXFileReference; fileEncoding = 4; lastKnownFileType = sourcecode.cpp.cpp; path = SASCommandRequest.cpp; sourceTree = "<group>"; };
		BA577F5D1A412EB500AFFA14 /* SASCommandRequest.h */ = {isa = PBXFileReference; fileEncoding = 4; lastKnownFileType = sourcecode.c.h; path = SASCommandRequest.h; sourceTree = "<group>"; };
		BA577F5F1A41312C00AFFA14 /* SASHTTPRequest.cpp */ = {isa = PBXFileReference; fileEncoding = 4; lastKnownFileType = sourcecode.cpp.cpp; path = SASHTTPRequest.cpp; sourceTree = "<group>"; };
		BA577F601A41312C00AFFA14 /* SASHTTPRequest.h */ = {isa = PBXFileReference; fileEncoding = 4; lastKnownFileType = sourcecode.c.h; path = SASHTTPRequest.h; sourceTree = "<group>"; };
		BA577F681A41DDA700AFFA14 /* SASEncodedRequest.cpp */ = {isa = PBXFileReference; fileEncoding = 4; lastKnownFileType = sourcecode.cpp.cpp; path = SASEncodedRequest.cpp; sourceTree = "<group>"; };
		BA577F691A41DDA700AFFA14 /* SASEncodedRequest.h */ = {isa = PBXFileReference; fileEncoding = 4; lastKnownFileType = sourcecode.c.h; path = SASEncodedRequest.h; sourceTree = "<group>"; };
		BA577F7F1A42078E00AFFA14 /* b64.h */ = {isa = PBXFileReference; fileEncoding = 4; lastKnownFileType = sourcecode.c.h; path = b64.h; sourceTree = "<group>"; };
		BA577F801A42078E00AFFA14 /* decode.c */ = {isa = PBXFileReference; fileEncoding = 4; lastKnownFileType = sourcecode.c.c; path = decode.c; sourceTree = "<group>"; };
		BA577F811A42078E00AFFA14 /* encode.c */ = {isa = PBXFileReference; fileEncoding = 4; lastKnownFileType = sourcecode.c.c; path = encode.c; sourceTree = "<group>"; };
		BABA8C9F1A52A2F100217190 /* SASPolicy.cpp */ = {isa = PBXFileReference; fileEncoding = 4; lastKnownFileType = sourcecode.cpp.cpp; path = SASPolicy.cpp; sourceTree = "<group>"; };
		BABA8CA01A52A2F100217190 /* SASPolicy.h */ = {isa = PBXFileReference; fileEncoding = 4; lastKnownFileType = sourcecode.c.h; path = SASPolicy.h; sourceTree = "<group>"; };
/* End PBXFileReference section */

/* Begin PBXFrameworksBuildPhase section */
		BA577E671A3DBBF600AFFA14 /* Frameworks */ = {
			isa = PBXFrameworksBuildPhase;
			buildActionMask = 2147483647;
			files = (
				BA577EFC1A3EA9EC00AFFA14 /* libexpat.dylib in Frameworks */,
				FF24AEA6AEB6577428129CCB /* libPods-SlimEAS.a in Frameworks */,
			);
			runOnlyForDeploymentPostprocessing = 0;
		};
/* End PBXFrameworksBuildPhase section */

/* Begin PBXGroup section */
		09185763F542F3456E78F18C /* Frameworks */ = {
			isa = PBXGroup;
			children = (
				BA0DA84E1A4323EA005EA85D /* libxml2.dylib */,
				BA577EFB1A3EA9EC00AFFA14 /* libexpat.dylib */,
				BA577ECB1A3DDF2700AFFA14 /* libcurl.4.dylib */,
				BA577EC91A3DD99B00AFFA14 /* libcurl.dylib */,
				5D354E9349270CD1CC4F7266 /* libPods-SlimEAS.a */,
			);
			name = Frameworks;
			sourceTree = "<group>";
		};
		9941D9B11A5B87A9006856F7 /* Models */ = {
			isa = PBXGroup;
			children = (
				BA0DA8571A434A8D005EA85D /* SASDevice.cpp */,
				BA0DA8581A434A8D005EA85D /* SASDevice.h */,
				054058CF1A5A8213006570A7 /* SASAttachment.cpp */,
				054058D01A5A8213006570A7 /* SASAttachment.h */,
				054058D11A5A8213006570A7 /* SASBaseEntity.cpp */,
				054058D21A5A8213006570A7 /* SASBaseEntity.h */,
				054058D31A5A8213006570A7 /* SASBody.cpp */,
				054058D41A5A8213006570A7 /* SASBody.h */,
				054058D51A5A8213006570A7 /* SASFolder.cpp */,
				054058D61A5A8213006570A7 /* SASFolder.h */,
				054058D71A5A8213006570A7 /* SASMail.cpp */,
				054058D81A5A8213006570A7 /* SASMail.h */,
				BABA8C9F1A52A2F100217190 /* SASPolicy.cpp */,
				BABA8CA01A52A2F100217190 /* SASPolicy.h */,
				990EEA701A5CEC04001021C8 /* SASCollection.cpp */,
				990EEA711A5CEC04001021C8 /* SASCollection.h */,
			);
			name = Models;
			sourceTree = "<group>";
		};
		B9CD3FFBC2885B534A0337E9 /* Pods */ = {
			isa = PBXGroup;
			children = (
				90E344EA0B7514C84511E335 /* Pods-SlimEAS.debug.xcconfig */,
				53A340F5F0F2D48160ABDFA5 /* Pods-SlimEAS.release.xcconfig */,
			);
			name = Pods;
			sourceTree = "<group>";
		};
		BA0DA8501A433D5F005EA85D /* Commands */ = {
			isa = PBXGroup;
			children = (
				BA0DA8511A433E2B005EA85D /* SASProvisionRequest.cpp */,
				BA0DA8521A433E2B005EA85D /* SASProvisionRequest.h */,
				BA0DA8541A433E69005EA85D /* SASProvisionResponse.cpp */,
				BA0DA8551A433E69005EA85D /* SASProvisionResponse.h */,
				054058E11A5AB391006570A7 /* SASSyncRequest.cpp */,
				054058E21A5AB391006570A7 /* SASSyncRequest.h */,
				054058C91A5A8213006570A7 /* SASFolderSyncRequest.cpp */,
				054058CA1A5A8213006570A7 /* SASFolderSyncRequest.h */,
				054058CB1A5A8213006570A7 /* SASFolderSyncResponse.cpp */,
				054058CC1A5A8213006570A7 /* SASFolderSyncResponse.h */,
				9941D9B21A5B8D9A006856F7 /* SASItemOperationsRequest.cpp */,
				9941D9B31A5B8D9A006856F7 /* SASItemOperationsRequest.h */,
				9941D9B51A5BBB70006856F7 /* SASItemOperationsResponse.cpp */,
				9941D9B61A5BBB70006856F7 /* SASItemOperationsResponse.h */,
				990EEA6D1A5C333A001021C8 /* SASSyncResponse.cpp */,
				990EEA6E1A5C333A001021C8 /* SASSyncResponse.h */,
				990EEA731A5D10D8001021C8 /* SASSendMailRequest.cpp */,
				990EEA741A5D10D8001021C8 /* SASSendMailRequest.h */,
				990EEA761A5D1A98001021C8 /* SASSendMailResponse.cpp */,
				990EEA771A5D1A98001021C8 /* SASSendMailResponse.h */,
			);
			name = Commands;
			sourceTree = "<group>";
		};
		BA577E611A3DBBF600AFFA14 = {
			isa = PBXGroup;
			children = (
				BA577E6C1A3DBBF600AFFA14 /* SlimEAS */,
				BA577E6B1A3DBBF600AFFA14 /* Products */,
				B9CD3FFBC2885B534A0337E9 /* Pods */,
				09185763F542F3456E78F18C /* Frameworks */,
			);
			sourceTree = "<group>";
		};
		BA577E6B1A3DBBF600AFFA14 /* Products */ = {
			isa = PBXGroup;
			children = (
				BA577E6A1A3DBBF600AFFA14 /* SlimEAS */,
			);
			name = Products;
			sourceTree = "<group>";
		};
		BA577E6C1A3DBBF600AFFA14 /* SlimEAS */ = {
			isa = PBXGroup;
			children = (
				BA577F671A41DC7000AFFA14 /* base64 */,
				BA577EDE1A3DE53500AFFA14 /* src */,
				BA577E6D1A3DBBF600AFFA14 /* main.cpp */,
			);
			path = SlimEAS;
			sourceTree = "<group>";
		};
		BA577EDE1A3DE53500AFFA14 /* src */ = {
			isa = PBXGroup;
			children = (
				9941D9B11A5B87A9006856F7 /* Models */,
				BA0DA8501A433D5F005EA85D /* Commands */,
				BA577EDF1A3DE55800AFFA14 /* SASWBXml.cpp */,
				BA577EE01A3DE55800AFFA14 /* SASWBXml.h */,
				BA577F591A407ADD00AFFA14 /* SASHTTPResponse.cpp */,
				BA577F5A1A407ADD00AFFA14 /* SASHTTPResponse.h */,
				BA577F5F1A41312C00AFFA14 /* SASHTTPRequest.cpp */,
				BA577F601A41312C00AFFA14 /* SASHTTPRequest.h */,
				BA577EFD1A3ED3EF00AFFA14 /* SASOptionsRequest.cpp */,
				BA577EFE1A3ED3EF00AFFA14 /* SASOptionsRequest.h */,
				BA0DA84B1A42F263005EA85D /* SASCommandResponse.cpp */,
				BA0DA84C1A42F263005EA85D /* SASCommandResponse.h */,
				BA577F5C1A412EB500AFFA14 /* SASCommandRequest.cpp */,
				BA577F5D1A412EB500AFFA14 /* SASCommandRequest.h */,
				BA577F681A41DDA700AFFA14 /* SASEncodedRequest.cpp */,
				BA577F691A41DDA700AFFA14 /* SASEncodedRequest.h */,
				BA577F001A3ED70000AFFA14 /* SASDefine.h */,
			);
			name = src;
			sourceTree = "<group>";
		};
		BA577F671A41DC7000AFFA14 /* base64 */ = {
			isa = PBXGroup;
			children = (
				BA577F7F1A42078E00AFFA14 /* b64.h */,
				BA577F801A42078E00AFFA14 /* decode.c */,
				BA577F811A42078E00AFFA14 /* encode.c */,
			);
			name = base64;
			sourceTree = "<group>";
		};
/* End PBXGroup section */

/* Begin PBXNativeTarget section */
		BA577E691A3DBBF600AFFA14 /* SlimEAS */ = {
			isa = PBXNativeTarget;
			buildConfigurationList = BA577E711A3DBBF600AFFA14 /* Build configuration list for PBXNativeTarget "SlimEAS" */;
			buildPhases = (
				5633F2B1A42C7D16F4BFFC17 /* Check Pods Manifest.lock */,
				BA577E661A3DBBF600AFFA14 /* Sources */,
				BA577E671A3DBBF600AFFA14 /* Frameworks */,
				BA577E681A3DBBF600AFFA14 /* CopyFiles */,
				59AD1C5E7B205FBF2DAC6980 /* Copy Pods Resources */,
			);
			buildRules = (
			);
			dependencies = (
			);
			name = SlimEAS;
			productName = SlimEAS;
			productReference = BA577E6A1A3DBBF600AFFA14 /* SlimEAS */;
			productType = "com.apple.product-type.tool";
		};
/* End PBXNativeTarget section */

/* Begin PBXProject section */
		BA577E621A3DBBF600AFFA14 /* Project object */ = {
			isa = PBXProject;
			attributes = {
				LastUpgradeCheck = 0610;
				ORGANIZATIONNAME = Slim;
				TargetAttributes = {
					BA577E691A3DBBF600AFFA14 = {
						CreatedOnToolsVersion = 6.1.1;
					};
				};
			};
			buildConfigurationList = BA577E651A3DBBF600AFFA14 /* Build configuration list for PBXProject "SlimEAS" */;
			compatibilityVersion = "Xcode 3.2";
			developmentRegion = English;
			hasScannedForEncodings = 0;
			knownRegions = (
				en,
			);
			mainGroup = BA577E611A3DBBF600AFFA14;
			productRefGroup = BA577E6B1A3DBBF600AFFA14 /* Products */;
			projectDirPath = "";
			projectRoot = "";
			targets = (
				BA577E691A3DBBF600AFFA14 /* SlimEAS */,
			);
		};
/* End PBXProject section */

/* Begin PBXShellScriptBuildPhase section */
		5633F2B1A42C7D16F4BFFC17 /* Check Pods Manifest.lock */ = {
			isa = PBXShellScriptBuildPhase;
			buildActionMask = 2147483647;
			files = (
			);
			inputPaths = (
			);
			name = "Check Pods Manifest.lock";
			outputPaths = (
			);
			runOnlyForDeploymentPostprocessing = 0;
			shellPath = /bin/sh;
			shellScript = "diff \"${PODS_ROOT}/../Podfile.lock\" \"${PODS_ROOT}/Manifest.lock\" > /dev/null\nif [[ $? != 0 ]] ; then\n    cat << EOM\nerror: The sandbox is not in sync with the Podfile.lock. Run 'pod install' or update your CocoaPods installation.\nEOM\n    exit 1\nfi\n";
			showEnvVarsInLog = 0;
		};
		59AD1C5E7B205FBF2DAC6980 /* Copy Pods Resources */ = {
			isa = PBXShellScriptBuildPhase;
			buildActionMask = 2147483647;
			files = (
			);
			inputPaths = (
			);
			name = "Copy Pods Resources";
			outputPaths = (
			);
			runOnlyForDeploymentPostprocessing = 0;
			shellPath = /bin/sh;
			shellScript = "\"${SRCROOT}/Pods/Target Support Files/Pods-SlimEAS/Pods-SlimEAS-resources.sh\"\n";
			showEnvVarsInLog = 0;
		};
/* End PBXShellScriptBuildPhase section */

/* Begin PBXSourcesBuildPhase section */
		BA577E661A3DBBF600AFFA14 /* Sources */ = {
			isa = PBXSourcesBuildPhase;
			buildActionMask = 2147483647;
			files = (
				BA0DA8561A433E69005EA85D /* SASProvisionResponse.cpp in Sources */,
				BABA8CA11A52A2F100217190 /* SASPolicy.cpp in Sources */,
				BA577F5B1A407ADD00AFFA14 /* SASHTTPResponse.cpp in Sources */,
				BA577F5E1A412EB500AFFA14 /* SASCommandRequest.cpp in Sources */,
				BA577EE11A3DE55800AFFA14 /* SASWBXml.cpp in Sources */,
				054058DD1A5A8213006570A7 /* SASBaseEntity.cpp in Sources */,
				BA577F6A1A41DDA700AFFA14 /* SASEncodedRequest.cpp in Sources */,
				9941D9B71A5BBB70006856F7 /* SASItemOperationsResponse.cpp in Sources */,
				BA0DA84D1A42F263005EA85D /* SASCommandResponse.cpp in Sources */,
				BA577F831A42078E00AFFA14 /* encode.c in Sources */,
				054058DC1A5A8213006570A7 /* SASAttachment.cpp in Sources */,
				BA577E6E1A3DBBF600AFFA14 /* main.cpp in Sources */,
				054058DA1A5A8213006570A7 /* SASFolderSyncResponse.cpp in Sources */,
				BA577F821A42078E00AFFA14 /* decode.c in Sources */,
				054058DF1A5A8213006570A7 /* SASFolder.cpp in Sources */,
				054058E31A5AB391006570A7 /* SASSyncRequest.cpp in Sources */,
				BA0DA8591A434A8D005EA85D /* SASDevice.cpp in Sources */,
				BA0DA8531A433E2B005EA85D /* SASProvisionRequest.cpp in Sources */,
				054058D91A5A8213006570A7 /* SASFolderSyncRequest.cpp in Sources */,
				054058E01A5A8213006570A7 /* SASMail.cpp in Sources */,
				054058DE1A5A8213006570A7 /* SASBody.cpp in Sources */,
				BA577F611A41312C00AFFA14 /* SASHTTPRequest.cpp in Sources */,
				990EEA6F1A5C333A001021C8 /* SASSyncResponse.cpp in Sources */,
				990EEA781A5D1A98001021C8 /* SASSendMailResponse.cpp in Sources */,
				990EEA721A5CEC04001021C8 /* SASCollection.cpp in Sources */,
				9941D9B41A5B8D9A006856F7 /* SASItemOperationsRequest.cpp in Sources */,
				990EEA751A5D10D8001021C8 /* SASSendMailRequest.cpp in Sources */,
				BA577EFF1A3ED3EF00AFFA14 /* SASOptionsRequest.cpp in Sources */,
			);
			runOnlyForDeploymentPostprocessing = 0;
		};
/* End PBXSourcesBuildPhase section */

/* Begin XCBuildConfiguration section */
		BA577E6F1A3DBBF600AFFA14 /* Debug */ = {
			isa = XCBuildConfiguration;
			buildSettings = {
				ALWAYS_SEARCH_USER_PATHS = NO;
				CLANG_CXX_LANGUAGE_STANDARD = "gnu++0x";
				CLANG_CXX_LIBRARY = "libc++";
				CLANG_ENABLE_MODULES = YES;
				CLANG_ENABLE_OBJC_ARC = YES;
				CLANG_WARN_BOOL_CONVERSION = YES;
				CLANG_WARN_CONSTANT_CONVERSION = YES;
				CLANG_WARN_DIRECT_OBJC_ISA_USAGE = YES_ERROR;
				CLANG_WARN_EMPTY_BODY = YES;
				CLANG_WARN_ENUM_CONVERSION = YES;
				CLANG_WARN_INT_CONVERSION = YES;
				CLANG_WARN_OBJC_ROOT_CLASS = YES_ERROR;
				CLANG_WARN_UNREACHABLE_CODE = YES;
				CLANG_WARN__DUPLICATE_METHOD_MATCH = YES;
				COPY_PHASE_STRIP = NO;
				ENABLE_STRICT_OBJC_MSGSEND = YES;
				GCC_C_LANGUAGE_STANDARD = gnu99;
				GCC_DYNAMIC_NO_PIC = NO;
				GCC_OPTIMIZATION_LEVEL = 0;
				GCC_PREPROCESSOR_DEFINITIONS = (
					"DEBUG=1",
					"$(inherited)",
				);
				GCC_SYMBOLS_PRIVATE_EXTERN = NO;
				GCC_WARN_64_TO_32_BIT_CONVERSION = YES;
				GCC_WARN_ABOUT_RETURN_TYPE = YES_ERROR;
				GCC_WARN_UNDECLARED_SELECTOR = YES;
				GCC_WARN_UNINITIALIZED_AUTOS = YES_AGGRESSIVE;
				GCC_WARN_UNUSED_FUNCTION = YES;
				GCC_WARN_UNUSED_VARIABLE = YES;
				MACOSX_DEPLOYMENT_TARGET = 10.10;
				MTL_ENABLE_DEBUG_INFO = YES;
				ONLY_ACTIVE_ARCH = YES;
				SDKROOT = macosx;
			};
			name = Debug;
		};
		BA577E701A3DBBF600AFFA14 /* Release */ = {
			isa = XCBuildConfiguration;
			buildSettings = {
				ALWAYS_SEARCH_USER_PATHS = NO;
				CLANG_CXX_LANGUAGE_STANDARD = "gnu++0x";
				CLANG_CXX_LIBRARY = "libc++";
				CLANG_ENABLE_MODULES = YES;
				CLANG_ENABLE_OBJC_ARC = YES;
				CLANG_WARN_BOOL_CONVERSION = YES;
				CLANG_WARN_CONSTANT_CONVERSION = YES;
				CLANG_WARN_DIRECT_OBJC_ISA_USAGE = YES_ERROR;
				CLANG_WARN_EMPTY_BODY = YES;
				CLANG_WARN_ENUM_CONVERSION = YES;
				CLANG_WARN_INT_CONVERSION = YES;
				CLANG_WARN_OBJC_ROOT_CLASS = YES_ERROR;
				CLANG_WARN_UNREACHABLE_CODE = YES;
				CLANG_WARN__DUPLICATE_METHOD_MATCH = YES;
				COPY_PHASE_STRIP = YES;
				DEBUG_INFORMATION_FORMAT = "dwarf-with-dsym";
				ENABLE_NS_ASSERTIONS = NO;
				ENABLE_STRICT_OBJC_MSGSEND = YES;
				GCC_C_LANGUAGE_STANDARD = gnu99;
				GCC_WARN_64_TO_32_BIT_CONVERSION = YES;
				GCC_WARN_ABOUT_RETURN_TYPE = YES_ERROR;
				GCC_WARN_UNDECLARED_SELECTOR = YES;
				GCC_WARN_UNINITIALIZED_AUTOS = YES_AGGRESSIVE;
				GCC_WARN_UNUSED_FUNCTION = YES;
				GCC_WARN_UNUSED_VARIABLE = YES;
				MACOSX_DEPLOYMENT_TARGET = 10.10;
				MTL_ENABLE_DEBUG_INFO = NO;
				SDKROOT = macosx;
			};
			name = Release;
		};
		BA577E721A3DBBF600AFFA14 /* Debug */ = {
			isa = XCBuildConfiguration;
			baseConfigurationReference = 90E344EA0B7514C84511E335 /* Pods-SlimEAS.debug.xcconfig */;
			buildSettings = {
				HEADER_SEARCH_PATHS = (
					"\"${PODS_ROOT}/Headers/Public\"",
					"\"${PODS_ROOT}/Headers/Public/expat\"",
					"\"${PODS_ROOT}/Headers/Public/libwbxml\"",
					"$(PODS_ROOT)/expat",
					"$(PODS_ROOT)/wbxml/src",
					"\"$(PROJECT_DIR)/External/include\"",
					/usr/include/libxml2,
				);
				LIBRARY_SEARCH_PATHS = "\"$(PROJECT_DIR)/External/lib\"";
				OTHER_LDFLAGS = (
					"-ObjC",
					"-l\"Pods-SlimEAS-expat\"",
					"-l\"Pods-SlimEAS-libwbxml\"",
					"-lcurl.4",
					"-lxml2",
				);
				PRODUCT_NAME = "$(TARGET_NAME)";
				USER_HEADER_SEARCH_PATHS = "";
			};
			name = Debug;
		};
		BA577E731A3DBBF600AFFA14 /* Release */ = {
			isa = XCBuildConfiguration;
			baseConfigurationReference = 53A340F5F0F2D48160ABDFA5 /* Pods-SlimEAS.release.xcconfig */;
			buildSettings = {
				HEADER_SEARCH_PATHS = (
					"\"${PODS_ROOT}/Headers/Public\"",
					"\"${PODS_ROOT}/Headers/Public/expat\"",
					"\"${PODS_ROOT}/Headers/Public/libwbxml\"",
					"$(PODS_ROOT)/expat",
					"$(PODS_ROOT)/wbxml/src",
					"\"$(PROJECT_DIR)/External/include\"",
					/usr/include/libxml2,
				);
				LIBRARY_SEARCH_PATHS = "\"$(PROJECT_DIR)/External/lib\"";
				OTHER_LDFLAGS = (
					"-ObjC",
					"-l\"Pods-SlimEAS-expat\"",
					"-l\"Pods-SlimEAS-libwbxml\"",
					"-lcurl.4",
					"-lxml2",
				);
				PRODUCT_NAME = "$(TARGET_NAME)";
				USER_HEADER_SEARCH_PATHS = "";
			};
			name = Release;
		};
/* End XCBuildConfiguration section */

/* Begin XCConfigurationList section */
		BA577E651A3DBBF600AFFA14 /* Build configuration list for PBXProject "SlimEAS" */ = {
			isa = XCConfigurationList;
			buildConfigurations = (
				BA577E6F1A3DBBF600AFFA14 /* Debug */,
				BA577E701A3DBBF600AFFA14 /* Release */,
			);
			defaultConfigurationIsVisible = 0;
			defaultConfigurationName = Release;
		};
		BA577E711A3DBBF600AFFA14 /* Build configuration list for PBXNativeTarget "SlimEAS" */ = {
			isa = XCConfigurationList;
			buildConfigurations = (
				BA577E721A3DBBF600AFFA14 /* Debug */,
				BA577E731A3DBBF600AFFA14 /* Release */,
			);
			defaultConfigurationIsVisible = 0;
			defaultConfigurationName = Release;
		};
/* End XCConfigurationList section */
	};
	rootObject = BA577E621A3DBBF600AFFA14 /* Project object */;
}
