// !$*UTF8*$!
{
	archiveVersion = 1;
	classes = {
	};
	objectVersion = 46;
	objects = {

/* Begin PBXBuildFile section */
		9C69356D870205D0EA311934 /* libPods-SlimEAS.a in Frameworks */ = {isa = PBXBuildFile; fileRef = 566C2869B437BEF86BAA1CA9 /* libPods-SlimEAS.a */; };
		BA611E4B1A63C88F00736A5F /* SlimEAS.h in CopyFiles */ = {isa = PBXBuildFile; fileRef = BA611E4A1A63C88F00736A5F /* SlimEAS.h */; };
		BA611E651A63C8E000736A5F /* decode.c in Sources */ = {isa = PBXBuildFile; fileRef = BA611E631A63C8E000736A5F /* decode.c */; };
		BA611E661A63C8E000736A5F /* encode.c in Sources */ = {isa = PBXBuildFile; fileRef = BA611E641A63C8E000736A5F /* encode.c */; };
		BA611E8A1A63C8EA00736A5F /* SASFolderSyncRequest.cpp in Sources */ = {isa = PBXBuildFile; fileRef = BA611E681A63C8EA00736A5F /* SASFolderSyncRequest.cpp */; };
		BA611E8B1A63C8EA00736A5F /* SASFolderSyncResponse.cpp in Sources */ = {isa = PBXBuildFile; fileRef = BA611E6A1A63C8EA00736A5F /* SASFolderSyncResponse.cpp */; };
		BA611E8C1A63C8EA00736A5F /* SASItemOperationsRequest.cpp in Sources */ = {isa = PBXBuildFile; fileRef = BA611E6C1A63C8EA00736A5F /* SASItemOperationsRequest.cpp */; };
		BA611E8D1A63C8EA00736A5F /* SASItemOperationsResponse.cpp in Sources */ = {isa = PBXBuildFile; fileRef = BA611E6E1A63C8EA00736A5F /* SASItemOperationsResponse.cpp */; };
		BA611E8E1A63C8EA00736A5F /* SASMailBaseRequest.cpp in Sources */ = {isa = PBXBuildFile; fileRef = BA611E701A63C8EA00736A5F /* SASMailBaseRequest.cpp */; };
		BA611E8F1A63C8EA00736A5F /* SASPingRequest.cpp in Sources */ = {isa = PBXBuildFile; fileRef = BA611E721A63C8EA00736A5F /* SASPingRequest.cpp */; };
		BA611E901A63C8EA00736A5F /* SASPingResponse.cpp in Sources */ = {isa = PBXBuildFile; fileRef = BA611E741A63C8EA00736A5F /* SASPingResponse.cpp */; };
		BA611E911A63C8EA00736A5F /* SASProvisionRequest.cpp in Sources */ = {isa = PBXBuildFile; fileRef = BA611E761A63C8EA00736A5F /* SASProvisionRequest.cpp */; };
		BA611E921A63C8EA00736A5F /* SASProvisionResponse.cpp in Sources */ = {isa = PBXBuildFile; fileRef = BA611E781A63C8EA00736A5F /* SASProvisionResponse.cpp */; };
		BA611E931A63C8EA00736A5F /* SASSendMailRequest.cpp in Sources */ = {isa = PBXBuildFile; fileRef = BA611E7A1A63C8EA00736A5F /* SASSendMailRequest.cpp */; };
		BA611E941A63C8EA00736A5F /* SASSendMailResponse.cpp in Sources */ = {isa = PBXBuildFile; fileRef = BA611E7C1A63C8EA00736A5F /* SASSendMailResponse.cpp */; };
		BA611E951A63C8EA00736A5F /* SASSettingsRequest.cpp in Sources */ = {isa = PBXBuildFile; fileRef = BA611E7E1A63C8EA00736A5F /* SASSettingsRequest.cpp */; };
		BA611E961A63C8EA00736A5F /* SASSettingsResponse.cpp in Sources */ = {isa = PBXBuildFile; fileRef = BA611E801A63C8EA00736A5F /* SASSettingsResponse.cpp */; };
		BA611E971A63C8EA00736A5F /* SASSmartForwardRequest.cpp in Sources */ = {isa = PBXBuildFile; fileRef = BA611E821A63C8EA00736A5F /* SASSmartForwardRequest.cpp */; };
		BA611E981A63C8EA00736A5F /* SASSmartReplyRequest.cpp in Sources */ = {isa = PBXBuildFile; fileRef = BA611E841A63C8EA00736A5F /* SASSmartReplyRequest.cpp */; };
		BA611E991A63C8EA00736A5F /* SASSyncRequest.cpp in Sources */ = {isa = PBXBuildFile; fileRef = BA611E861A63C8EA00736A5F /* SASSyncRequest.cpp */; };
		BA611E9A1A63C8EA00736A5F /* SASSyncResponse.cpp in Sources */ = {isa = PBXBuildFile; fileRef = BA611E881A63C8EA00736A5F /* SASSyncResponse.cpp */; };
		BA611EAD1A63C8F700736A5F /* SASCommandRequest.cpp in Sources */ = {isa = PBXBuildFile; fileRef = BA611E9C1A63C8F700736A5F /* SASCommandRequest.cpp */; };
		BA611EAE1A63C8F700736A5F /* SASCommandResponse.cpp in Sources */ = {isa = PBXBuildFile; fileRef = BA611E9E1A63C8F700736A5F /* SASCommandResponse.cpp */; };
		BA611EAF1A63C8F700736A5F /* SASEncodedRequest.cpp in Sources */ = {isa = PBXBuildFile; fileRef = BA611EA11A63C8F700736A5F /* SASEncodedRequest.cpp */; };
		BA611EB01A63C8F700736A5F /* SASHTTPRequest.cpp in Sources */ = {isa = PBXBuildFile; fileRef = BA611EA31A63C8F700736A5F /* SASHTTPRequest.cpp */; };
		BA611EB11A63C8F700736A5F /* SASHTTPResponse.cpp in Sources */ = {isa = PBXBuildFile; fileRef = BA611EA51A63C8F700736A5F /* SASHTTPResponse.cpp */; };
		BA611EB21A63C8F700736A5F /* SASOptionsRequest.cpp in Sources */ = {isa = PBXBuildFile; fileRef = BA611EA71A63C8F700736A5F /* SASOptionsRequest.cpp */; };
		BA611EB31A63C8F700736A5F /* SASSerializer.cpp in Sources */ = {isa = PBXBuildFile; fileRef = BA611EA91A63C8F700736A5F /* SASSerializer.cpp */; };
		BA611EB41A63C8F700736A5F /* SASWBXml.cpp in Sources */ = {isa = PBXBuildFile; fileRef = BA611EAB1A63C8F700736A5F /* SASWBXml.cpp */; };
		BA611ECA1A63C90400736A5F /* SASAttachment.cpp in Sources */ = {isa = PBXBuildFile; fileRef = BA611EB61A63C90400736A5F /* SASAttachment.cpp */; };
		BA611ECB1A63C90400736A5F /* SASBaseEntity.cpp in Sources */ = {isa = PBXBuildFile; fileRef = BA611EB81A63C90400736A5F /* SASBaseEntity.cpp */; };
		BA611ECC1A63C90400736A5F /* SASBody.cpp in Sources */ = {isa = PBXBuildFile; fileRef = BA611EBA1A63C90400736A5F /* SASBody.cpp */; };
		BA611ECD1A63C90400736A5F /* SASCollection.cpp in Sources */ = {isa = PBXBuildFile; fileRef = BA611EBC1A63C90400736A5F /* SASCollection.cpp */; };
		BA611ECE1A63C90400736A5F /* SASDevice.cpp in Sources */ = {isa = PBXBuildFile; fileRef = BA611EBE1A63C90400736A5F /* SASDevice.cpp */; };
		BA611ECF1A63C90400736A5F /* SASFolder.cpp in Sources */ = {isa = PBXBuildFile; fileRef = BA611EC01A63C90400736A5F /* SASFolder.cpp */; };
		BA611ED01A63C90400736A5F /* SASMail.cpp in Sources */ = {isa = PBXBuildFile; fileRef = BA611EC21A63C90400736A5F /* SASMail.cpp */; };
		BA611ED11A63C90400736A5F /* SASOof.cpp in Sources */ = {isa = PBXBuildFile; fileRef = BA611EC41A63C90400736A5F /* SASOof.cpp */; };
		BA611ED21A63C90400736A5F /* SASPolicy.cpp in Sources */ = {isa = PBXBuildFile; fileRef = BA611EC61A63C90400736A5F /* SASPolicy.cpp */; };
		BA611ED31A63C90400736A5F /* SASUserInformation.cpp in Sources */ = {isa = PBXBuildFile; fileRef = BA611EC81A63C90400736A5F /* SASUserInformation.cpp */; };
		BA611F3E1A63E26800736A5F /* main.m in Sources */ = {isa = PBXBuildFile; fileRef = BA611F3D1A63E26800736A5F /* main.m */; };
		BA611F411A63E26800736A5F /* AppDelegate.mm in Sources */ = {isa = PBXBuildFile; fileRef = BA611F401A63E26800736A5F /* AppDelegate.mm */; };
		BA611F441A63E26800736A5F /* ViewController.m in Sources */ = {isa = PBXBuildFile; fileRef = BA611F431A63E26800736A5F /* ViewController.m */; };
		BA611F471A63E26800736A5F /* Main.storyboard in Resources */ = {isa = PBXBuildFile; fileRef = BA611F451A63E26800736A5F /* Main.storyboard */; };
		BA611F491A63E26800736A5F /* Images.xcassets in Resources */ = {isa = PBXBuildFile; fileRef = BA611F481A63E26800736A5F /* Images.xcassets */; };
		BA611F4C1A63E26800736A5F /* LaunchScreen.xib in Resources */ = {isa = PBXBuildFile; fileRef = BA611F4A1A63E26800736A5F /* LaunchScreen.xib */; };
		BA611F631A640AF500736A5F /* Security.framework in Frameworks */ = {isa = PBXBuildFile; fileRef = BA611F2F1A63DFF200736A5F /* Security.framework */; };
		BA611F671A64137B00736A5F /* SASAttachment.h in CopyFiles */ = {isa = PBXBuildFile; fileRef = BA611EB71A63C90400736A5F /* SASAttachment.h */; };
		BA611F681A64137B00736A5F /* SASBaseEntity.h in CopyFiles */ = {isa = PBXBuildFile; fileRef = BA611EB91A63C90400736A5F /* SASBaseEntity.h */; };
		BA611F691A64137B00736A5F /* SASBody.h in CopyFiles */ = {isa = PBXBuildFile; fileRef = BA611EBB1A63C90400736A5F /* SASBody.h */; };
		BA611F6A1A64137B00736A5F /* SASCollection.h in CopyFiles */ = {isa = PBXBuildFile; fileRef = BA611EBD1A63C90400736A5F /* SASCollection.h */; };
		BA611F6B1A64137B00736A5F /* SASDevice.h in CopyFiles */ = {isa = PBXBuildFile; fileRef = BA611EBF1A63C90400736A5F /* SASDevice.h */; };
		BA611F6C1A64137B00736A5F /* SASFolder.h in CopyFiles */ = {isa = PBXBuildFile; fileRef = BA611EC11A63C90400736A5F /* SASFolder.h */; };
		BA611F6D1A64137B00736A5F /* SASMail.h in CopyFiles */ = {isa = PBXBuildFile; fileRef = BA611EC31A63C90400736A5F /* SASMail.h */; };
		BA611F6E1A64137B00736A5F /* SASOof.h in CopyFiles */ = {isa = PBXBuildFile; fileRef = BA611EC51A63C90400736A5F /* SASOof.h */; };
		BA611F6F1A64137B00736A5F /* SASPolicy.h in CopyFiles */ = {isa = PBXBuildFile; fileRef = BA611EC71A63C90400736A5F /* SASPolicy.h */; };
		BA611F701A64137B00736A5F /* SASUserInformation.h in CopyFiles */ = {isa = PBXBuildFile; fileRef = BA611EC91A63C90400736A5F /* SASUserInformation.h */; };
		BA611F711A64137B00736A5F /* SASCommandRequest.h in CopyFiles */ = {isa = PBXBuildFile; fileRef = BA611E9D1A63C8F700736A5F /* SASCommandRequest.h */; };
		BA611F721A64137B00736A5F /* SASCommandResponse.h in CopyFiles */ = {isa = PBXBuildFile; fileRef = BA611E9F1A63C8F700736A5F /* SASCommandResponse.h */; };
		BA611F731A64137B00736A5F /* SASDefine.h in CopyFiles */ = {isa = PBXBuildFile; fileRef = BA611EA01A63C8F700736A5F /* SASDefine.h */; };
		BA611F741A64137B00736A5F /* SASEncodedRequest.h in CopyFiles */ = {isa = PBXBuildFile; fileRef = BA611EA21A63C8F700736A5F /* SASEncodedRequest.h */; };
		BA611F751A64137B00736A5F /* SASHTTPRequest.h in CopyFiles */ = {isa = PBXBuildFile; fileRef = BA611EA41A63C8F700736A5F /* SASHTTPRequest.h */; };
		BA611F761A64137B00736A5F /* SASHTTPResponse.h in CopyFiles */ = {isa = PBXBuildFile; fileRef = BA611EA61A63C8F700736A5F /* SASHTTPResponse.h */; };
		BA611F771A64137B00736A5F /* SASOptionsRequest.h in CopyFiles */ = {isa = PBXBuildFile; fileRef = BA611EA81A63C8F700736A5F /* SASOptionsRequest.h */; };
		BA611F781A64137B00736A5F /* SASSerializer.h in CopyFiles */ = {isa = PBXBuildFile; fileRef = BA611EAA1A63C8F700736A5F /* SASSerializer.h */; };
		BA611F791A64137B00736A5F /* SASWBXml.h in CopyFiles */ = {isa = PBXBuildFile; fileRef = BA611EAC1A63C8F700736A5F /* SASWBXml.h */; };
		BA611F7A1A64137B00736A5F /* SASFolderSyncRequest.h in CopyFiles */ = {isa = PBXBuildFile; fileRef = BA611E691A63C8EA00736A5F /* SASFolderSyncRequest.h */; };
		BA611F7B1A64137B00736A5F /* SASFolderSyncResponse.h in CopyFiles */ = {isa = PBXBuildFile; fileRef = BA611E6B1A63C8EA00736A5F /* SASFolderSyncResponse.h */; };
		BA611F7C1A64137B00736A5F /* SASItemOperationsRequest.h in CopyFiles */ = {isa = PBXBuildFile; fileRef = BA611E6D1A63C8EA00736A5F /* SASItemOperationsRequest.h */; };
		BA611F7D1A64137B00736A5F /* SASItemOperationsResponse.h in CopyFiles */ = {isa = PBXBuildFile; fileRef = BA611E6F1A63C8EA00736A5F /* SASItemOperationsResponse.h */; };
		BA611F7E1A64137B00736A5F /* SASMailBaseRequest.h in CopyFiles */ = {isa = PBXBuildFile; fileRef = BA611E711A63C8EA00736A5F /* SASMailBaseRequest.h */; };
		BA611F7F1A64137B00736A5F /* SASPingRequest.h in CopyFiles */ = {isa = PBXBuildFile; fileRef = BA611E731A63C8EA00736A5F /* SASPingRequest.h */; };
		BA611F801A64137B00736A5F /* SASPingResponse.h in CopyFiles */ = {isa = PBXBuildFile; fileRef = BA611E751A63C8EA00736A5F /* SASPingResponse.h */; };
		BA611F811A64137B00736A5F /* SASProvisionRequest.h in CopyFiles */ = {isa = PBXBuildFile; fileRef = BA611E771A63C8EA00736A5F /* SASProvisionRequest.h */; };
		BA611F821A64137B00736A5F /* SASProvisionResponse.h in CopyFiles */ = {isa = PBXBuildFile; fileRef = BA611E791A63C8EA00736A5F /* SASProvisionResponse.h */; };
		BA611F831A64137B00736A5F /* SASSendMailRequest.h in CopyFiles */ = {isa = PBXBuildFile; fileRef = BA611E7B1A63C8EA00736A5F /* SASSendMailRequest.h */; };
		BA611F841A64137B00736A5F /* SASSendMailResponse.h in CopyFiles */ = {isa = PBXBuildFile; fileRef = BA611E7D1A63C8EA00736A5F /* SASSendMailResponse.h */; };
		BA611F851A64137B00736A5F /* SASSettingsRequest.h in CopyFiles */ = {isa = PBXBuildFile; fileRef = BA611E7F1A63C8EA00736A5F /* SASSettingsRequest.h */; };
		BA611F861A64137B00736A5F /* SASSettingsResponse.h in CopyFiles */ = {isa = PBXBuildFile; fileRef = BA611E811A63C8EA00736A5F /* SASSettingsResponse.h */; };
		BA611F871A64137B00736A5F /* SASSmartForwardRequest.h in CopyFiles */ = {isa = PBXBuildFile; fileRef = BA611E831A63C8EA00736A5F /* SASSmartForwardRequest.h */; };
		BA611F881A64137B00736A5F /* SASSmartReplyRequest.h in CopyFiles */ = {isa = PBXBuildFile; fileRef = BA611E851A63C8EA00736A5F /* SASSmartReplyRequest.h */; };
		BA611F891A64137B00736A5F /* SASSyncRequest.h in CopyFiles */ = {isa = PBXBuildFile; fileRef = BA611E871A63C8EA00736A5F /* SASSyncRequest.h */; };
		BA611F8A1A64137B00736A5F /* SASSyncResponse.h in CopyFiles */ = {isa = PBXBuildFile; fileRef = BA611E891A63C8EA00736A5F /* SASSyncResponse.h */; };
		BA611F8B1A64137B00736A5F /* b64.h in CopyFiles */ = {isa = PBXBuildFile; fileRef = BA611E621A63C8E000736A5F /* b64.h */; };
		BA611F8E1A641DAD00736A5F /* SlimEASTest.cpp in Sources */ = {isa = PBXBuildFile; fileRef = BA611F8C1A641DAD00736A5F /* SlimEASTest.cpp */; };
		C561E4BCA00AF6E5051FAEE7 /* libPods-SlimEASDemo.a in Frameworks */ = {isa = PBXBuildFile; fileRef = 79E8924E9226A31CC5CA2A84 /* libPods-SlimEASDemo.a */; };
/* End PBXBuildFile section */

/* Begin PBXContainerItemProxy section */
		BA611F601A6408E800736A5F /* PBXContainerItemProxy */ = {
			isa = PBXContainerItemProxy;
			containerPortal = BA611E3F1A63C88F00736A5F /* Project object */;
			proxyType = 1;
			remoteGlobalIDString = BA611E461A63C88F00736A5F;
			remoteInfo = SlimEAS;
		};
/* End PBXContainerItemProxy section */

/* Begin PBXCopyFilesBuildPhase section */
		BA611E451A63C88F00736A5F /* CopyFiles */ = {
			isa = PBXCopyFilesBuildPhase;
			buildActionMask = 2147483647;
			dstPath = "include/$(PRODUCT_NAME)";
			dstSubfolderSpec = 16;
			files = (
				BA611F671A64137B00736A5F /* SASAttachment.h in CopyFiles */,
				BA611F681A64137B00736A5F /* SASBaseEntity.h in CopyFiles */,
				BA611F691A64137B00736A5F /* SASBody.h in CopyFiles */,
				BA611F6A1A64137B00736A5F /* SASCollection.h in CopyFiles */,
				BA611F6B1A64137B00736A5F /* SASDevice.h in CopyFiles */,
				BA611F6C1A64137B00736A5F /* SASFolder.h in CopyFiles */,
				BA611F6D1A64137B00736A5F /* SASMail.h in CopyFiles */,
				BA611F6E1A64137B00736A5F /* SASOof.h in CopyFiles */,
				BA611F6F1A64137B00736A5F /* SASPolicy.h in CopyFiles */,
				BA611F701A64137B00736A5F /* SASUserInformation.h in CopyFiles */,
				BA611F711A64137B00736A5F /* SASCommandRequest.h in CopyFiles */,
				BA611F721A64137B00736A5F /* SASCommandResponse.h in CopyFiles */,
				BA611F731A64137B00736A5F /* SASDefine.h in CopyFiles */,
				BA611F741A64137B00736A5F /* SASEncodedRequest.h in CopyFiles */,
				BA611F751A64137B00736A5F /* SASHTTPRequest.h in CopyFiles */,
				BA611F761A64137B00736A5F /* SASHTTPResponse.h in CopyFiles */,
				BA611F771A64137B00736A5F /* SASOptionsRequest.h in CopyFiles */,
				BA611F781A64137B00736A5F /* SASSerializer.h in CopyFiles */,
				BA611F791A64137B00736A5F /* SASWBXml.h in CopyFiles */,
				BA611F7A1A64137B00736A5F /* SASFolderSyncRequest.h in CopyFiles */,
				BA611F7B1A64137B00736A5F /* SASFolderSyncResponse.h in CopyFiles */,
				BA611F7C1A64137B00736A5F /* SASItemOperationsRequest.h in CopyFiles */,
				BA611F7D1A64137B00736A5F /* SASItemOperationsResponse.h in CopyFiles */,
				BA611F7E1A64137B00736A5F /* SASMailBaseRequest.h in CopyFiles */,
				BA611F7F1A64137B00736A5F /* SASPingRequest.h in CopyFiles */,
				BA611F801A64137B00736A5F /* SASPingResponse.h in CopyFiles */,
				BA611F811A64137B00736A5F /* SASProvisionRequest.h in CopyFiles */,
				BA611F821A64137B00736A5F /* SASProvisionResponse.h in CopyFiles */,
				BA611F831A64137B00736A5F /* SASSendMailRequest.h in CopyFiles */,
				BA611F841A64137B00736A5F /* SASSendMailResponse.h in CopyFiles */,
				BA611F851A64137B00736A5F /* SASSettingsRequest.h in CopyFiles */,
				BA611F861A64137B00736A5F /* SASSettingsResponse.h in CopyFiles */,
				BA611F871A64137B00736A5F /* SASSmartForwardRequest.h in CopyFiles */,
				BA611F881A64137B00736A5F /* SASSmartReplyRequest.h in CopyFiles */,
				BA611F891A64137B00736A5F /* SASSyncRequest.h in CopyFiles */,
				BA611F8A1A64137B00736A5F /* SASSyncResponse.h in CopyFiles */,
				BA611F8B1A64137B00736A5F /* b64.h in CopyFiles */,
				BA611E4B1A63C88F00736A5F /* SlimEAS.h in CopyFiles */,
			);
			runOnlyForDeploymentPostprocessing = 0;
		};
/* End PBXCopyFilesBuildPhase section */

/* Begin PBXFileReference section */
		566C2869B437BEF86BAA1CA9 /* libPods-SlimEAS.a */ = {isa = PBXFileReference; explicitFileType = archive.ar; includeInIndex = 0; path = "libPods-SlimEAS.a"; sourceTree = BUILT_PRODUCTS_DIR; };
		73BEBB824A1E799F2448B52F /* Pods-SlimEAS.debug.xcconfig */ = {isa = PBXFileReference; includeInIndex = 1; lastKnownFileType = text.xcconfig; name = "Pods-SlimEAS.debug.xcconfig"; path = "Pods/Target Support Files/Pods-SlimEAS/Pods-SlimEAS.debug.xcconfig"; sourceTree = "<group>"; };
		79E8924E9226A31CC5CA2A84 /* libPods-SlimEASDemo.a */ = {isa = PBXFileReference; explicitFileType = archive.ar; includeInIndex = 0; path = "libPods-SlimEASDemo.a"; sourceTree = BUILT_PRODUCTS_DIR; };
		84DE2C4AE08EEFE40E6F34BB /* Pods-SlimEASDemo.release.xcconfig */ = {isa = PBXFileReference; includeInIndex = 1; lastKnownFileType = text.xcconfig; name = "Pods-SlimEASDemo.release.xcconfig"; path = "Pods/Target Support Files/Pods-SlimEASDemo/Pods-SlimEASDemo.release.xcconfig"; sourceTree = "<group>"; };
		9A7E90B85AAA5A5C5B3EA830 /* Pods-SlimEAS.release.xcconfig */ = {isa = PBXFileReference; includeInIndex = 1; lastKnownFileType = text.xcconfig; name = "Pods-SlimEAS.release.xcconfig"; path = "Pods/Target Support Files/Pods-SlimEAS/Pods-SlimEAS.release.xcconfig"; sourceTree = "<group>"; };
		A886D671C98F62B81A8781AD /* Pods-SlimEASDemo.debug.xcconfig */ = {isa = PBXFileReference; includeInIndex = 1; lastKnownFileType = text.xcconfig; name = "Pods-SlimEASDemo.debug.xcconfig"; path = "Pods/Target Support Files/Pods-SlimEASDemo/Pods-SlimEASDemo.debug.xcconfig"; sourceTree = "<group>"; };
		BA611E471A63C88F00736A5F /* libSlimEAS.a */ = {isa = PBXFileReference; explicitFileType = archive.ar; includeInIndex = 0; path = libSlimEAS.a; sourceTree = BUILT_PRODUCTS_DIR; };
		BA611E4A1A63C88F00736A5F /* SlimEAS.h */ = {isa = PBXFileReference; lastKnownFileType = sourcecode.c.h; path = SlimEAS.h; sourceTree = "<group>"; };
		BA611E621A63C8E000736A5F /* b64.h */ = {isa = PBXFileReference; fileEncoding = 4; lastKnownFileType = sourcecode.c.h; path = b64.h; sourceTree = "<group>"; };
		BA611E631A63C8E000736A5F /* decode.c */ = {isa = PBXFileReference; fileEncoding = 4; lastKnownFileType = sourcecode.c.c; path = decode.c; sourceTree = "<group>"; };
		BA611E641A63C8E000736A5F /* encode.c */ = {isa = PBXFileReference; fileEncoding = 4; lastKnownFileType = sourcecode.c.c; path = encode.c; sourceTree = "<group>"; };
		BA611E681A63C8EA00736A5F /* SASFolderSyncRequest.cpp */ = {isa = PBXFileReference; fileEncoding = 4; lastKnownFileType = sourcecode.cpp.cpp; path = SASFolderSyncRequest.cpp; sourceTree = "<group>"; };
		BA611E691A63C8EA00736A5F /* SASFolderSyncRequest.h */ = {isa = PBXFileReference; fileEncoding = 4; lastKnownFileType = sourcecode.c.h; path = SASFolderSyncRequest.h; sourceTree = "<group>"; };
		BA611E6A1A63C8EA00736A5F /* SASFolderSyncResponse.cpp */ = {isa = PBXFileReference; fileEncoding = 4; lastKnownFileType = sourcecode.cpp.cpp; path = SASFolderSyncResponse.cpp; sourceTree = "<group>"; };
		BA611E6B1A63C8EA00736A5F /* SASFolderSyncResponse.h */ = {isa = PBXFileReference; fileEncoding = 4; lastKnownFileType = sourcecode.c.h; path = SASFolderSyncResponse.h; sourceTree = "<group>"; };
		BA611E6C1A63C8EA00736A5F /* SASItemOperationsRequest.cpp */ = {isa = PBXFileReference; fileEncoding = 4; lastKnownFileType = sourcecode.cpp.cpp; path = SASItemOperationsRequest.cpp; sourceTree = "<group>"; };
		BA611E6D1A63C8EA00736A5F /* SASItemOperationsRequest.h */ = {isa = PBXFileReference; fileEncoding = 4; lastKnownFileType = sourcecode.c.h; path = SASItemOperationsRequest.h; sourceTree = "<group>"; };
		BA611E6E1A63C8EA00736A5F /* SASItemOperationsResponse.cpp */ = {isa = PBXFileReference; fileEncoding = 4; lastKnownFileType = sourcecode.cpp.cpp; path = SASItemOperationsResponse.cpp; sourceTree = "<group>"; };
		BA611E6F1A63C8EA00736A5F /* SASItemOperationsResponse.h */ = {isa = PBXFileReference; fileEncoding = 4; lastKnownFileType = sourcecode.c.h; path = SASItemOperationsResponse.h; sourceTree = "<group>"; };
		BA611E701A63C8EA00736A5F /* SASMailBaseRequest.cpp */ = {isa = PBXFileReference; fileEncoding = 4; lastKnownFileType = sourcecode.cpp.cpp; path = SASMailBaseRequest.cpp; sourceTree = "<group>"; };
		BA611E711A63C8EA00736A5F /* SASMailBaseRequest.h */ = {isa = PBXFileReference; fileEncoding = 4; lastKnownFileType = sourcecode.c.h; path = SASMailBaseRequest.h; sourceTree = "<group>"; };
		BA611E721A63C8EA00736A5F /* SASPingRequest.cpp */ = {isa = PBXFileReference; fileEncoding = 4; lastKnownFileType = sourcecode.cpp.cpp; path = SASPingRequest.cpp; sourceTree = "<group>"; };
		BA611E731A63C8EA00736A5F /* SASPingRequest.h */ = {isa = PBXFileReference; fileEncoding = 4; lastKnownFileType = sourcecode.c.h; path = SASPingRequest.h; sourceTree = "<group>"; };
		BA611E741A63C8EA00736A5F /* SASPingResponse.cpp */ = {isa = PBXFileReference; fileEncoding = 4; lastKnownFileType = sourcecode.cpp.cpp; path = SASPingResponse.cpp; sourceTree = "<group>"; };
		BA611E751A63C8EA00736A5F /* SASPingResponse.h */ = {isa = PBXFileReference; fileEncoding = 4; lastKnownFileType = sourcecode.c.h; path = SASPingResponse.h; sourceTree = "<group>"; };
		BA611E761A63C8EA00736A5F /* SASProvisionRequest.cpp */ = {isa = PBXFileReference; fileEncoding = 4; lastKnownFileType = sourcecode.cpp.cpp; path = SASProvisionRequest.cpp; sourceTree = "<group>"; };
		BA611E771A63C8EA00736A5F /* SASProvisionRequest.h */ = {isa = PBXFileReference; fileEncoding = 4; lastKnownFileType = sourcecode.c.h; path = SASProvisionRequest.h; sourceTree = "<group>"; };
		BA611E781A63C8EA00736A5F /* SASProvisionResponse.cpp */ = {isa = PBXFileReference; fileEncoding = 4; lastKnownFileType = sourcecode.cpp.cpp; path = SASProvisionResponse.cpp; sourceTree = "<group>"; };
		BA611E791A63C8EA00736A5F /* SASProvisionResponse.h */ = {isa = PBXFileReference; fileEncoding = 4; lastKnownFileType = sourcecode.c.h; path = SASProvisionResponse.h; sourceTree = "<group>"; };
		BA611E7A1A63C8EA00736A5F /* SASSendMailRequest.cpp */ = {isa = PBXFileReference; fileEncoding = 4; lastKnownFileType = sourcecode.cpp.cpp; path = SASSendMailRequest.cpp; sourceTree = "<group>"; };
		BA611E7B1A63C8EA00736A5F /* SASSendMailRequest.h */ = {isa = PBXFileReference; fileEncoding = 4; lastKnownFileType = sourcecode.c.h; path = SASSendMailRequest.h; sourceTree = "<group>"; };
		BA611E7C1A63C8EA00736A5F /* SASSendMailResponse.cpp */ = {isa = PBXFileReference; fileEncoding = 4; lastKnownFileType = sourcecode.cpp.cpp; path = SASSendMailResponse.cpp; sourceTree = "<group>"; };
		BA611E7D1A63C8EA00736A5F /* SASSendMailResponse.h */ = {isa = PBXFileReference; fileEncoding = 4; lastKnownFileType = sourcecode.c.h; path = SASSendMailResponse.h; sourceTree = "<group>"; };
		BA611E7E1A63C8EA00736A5F /* SASSettingsRequest.cpp */ = {isa = PBXFileReference; fileEncoding = 4; lastKnownFileType = sourcecode.cpp.cpp; path = SASSettingsRequest.cpp; sourceTree = "<group>"; };
		BA611E7F1A63C8EA00736A5F /* SASSettingsRequest.h */ = {isa = PBXFileReference; fileEncoding = 4; lastKnownFileType = sourcecode.c.h; path = SASSettingsRequest.h; sourceTree = "<group>"; };
		BA611E801A63C8EA00736A5F /* SASSettingsResponse.cpp */ = {isa = PBXFileReference; fileEncoding = 4; lastKnownFileType = sourcecode.cpp.cpp; path = SASSettingsResponse.cpp; sourceTree = "<group>"; };
		BA611E811A63C8EA00736A5F /* SASSettingsResponse.h */ = {isa = PBXFileReference; fileEncoding = 4; lastKnownFileType = sourcecode.c.h; path = SASSettingsResponse.h; sourceTree = "<group>"; };
		BA611E821A63C8EA00736A5F /* SASSmartForwardRequest.cpp */ = {isa = PBXFileReference; fileEncoding = 4; lastKnownFileType = sourcecode.cpp.cpp; path = SASSmartForwardRequest.cpp; sourceTree = "<group>"; };
		BA611E831A63C8EA00736A5F /* SASSmartForwardRequest.h */ = {isa = PBXFileReference; fileEncoding = 4; lastKnownFileType = sourcecode.c.h; path = SASSmartForwardRequest.h; sourceTree = "<group>"; };
		BA611E841A63C8EA00736A5F /* SASSmartReplyRequest.cpp */ = {isa = PBXFileReference; fileEncoding = 4; lastKnownFileType = sourcecode.cpp.cpp; path = SASSmartReplyRequest.cpp; sourceTree = "<group>"; };
		BA611E851A63C8EA00736A5F /* SASSmartReplyRequest.h */ = {isa = PBXFileReference; fileEncoding = 4; lastKnownFileType = sourcecode.c.h; path = SASSmartReplyRequest.h; sourceTree = "<group>"; };
		BA611E861A63C8EA00736A5F /* SASSyncRequest.cpp */ = {isa = PBXFileReference; fileEncoding = 4; lastKnownFileType = sourcecode.cpp.cpp; path = SASSyncRequest.cpp; sourceTree = "<group>"; };
		BA611E871A63C8EA00736A5F /* SASSyncRequest.h */ = {isa = PBXFileReference; fileEncoding = 4; lastKnownFileType = sourcecode.c.h; path = SASSyncRequest.h; sourceTree = "<group>"; };
		BA611E881A63C8EA00736A5F /* SASSyncResponse.cpp */ = {isa = PBXFileReference; fileEncoding = 4; lastKnownFileType = sourcecode.cpp.cpp; path = SASSyncResponse.cpp; sourceTree = "<group>"; };
		BA611E891A63C8EA00736A5F /* SASSyncResponse.h */ = {isa = PBXFileReference; fileEncoding = 4; lastKnownFileType = sourcecode.c.h; path = SASSyncResponse.h; sourceTree = "<group>"; };
		BA611E9C1A63C8F700736A5F /* SASCommandRequest.cpp */ = {isa = PBXFileReference; fileEncoding = 4; lastKnownFileType = sourcecode.cpp.cpp; path = SASCommandRequest.cpp; sourceTree = "<group>"; };
		BA611E9D1A63C8F700736A5F /* SASCommandRequest.h */ = {isa = PBXFileReference; fileEncoding = 4; lastKnownFileType = sourcecode.c.h; path = SASCommandRequest.h; sourceTree = "<group>"; };
		BA611E9E1A63C8F700736A5F /* SASCommandResponse.cpp */ = {isa = PBXFileReference; fileEncoding = 4; lastKnownFileType = sourcecode.cpp.cpp; path = SASCommandResponse.cpp; sourceTree = "<group>"; };
		BA611E9F1A63C8F700736A5F /* SASCommandResponse.h */ = {isa = PBXFileReference; fileEncoding = 4; lastKnownFileType = sourcecode.c.h; path = SASCommandResponse.h; sourceTree = "<group>"; };
		BA611EA01A63C8F700736A5F /* SASDefine.h */ = {isa = PBXFileReference; fileEncoding = 4; lastKnownFileType = sourcecode.c.h; path = SASDefine.h; sourceTree = "<group>"; };
		BA611EA11A63C8F700736A5F /* SASEncodedRequest.cpp */ = {isa = PBXFileReference; fileEncoding = 4; lastKnownFileType = sourcecode.cpp.cpp; path = SASEncodedRequest.cpp; sourceTree = "<group>"; };
		BA611EA21A63C8F700736A5F /* SASEncodedRequest.h */ = {isa = PBXFileReference; fileEncoding = 4; lastKnownFileType = sourcecode.c.h; path = SASEncodedRequest.h; sourceTree = "<group>"; };
		BA611EA31A63C8F700736A5F /* SASHTTPRequest.cpp */ = {isa = PBXFileReference; fileEncoding = 4; lastKnownFileType = sourcecode.cpp.cpp; path = SASHTTPRequest.cpp; sourceTree = "<group>"; };
		BA611EA41A63C8F700736A5F /* SASHTTPRequest.h */ = {isa = PBXFileReference; fileEncoding = 4; lastKnownFileType = sourcecode.c.h; path = SASHTTPRequest.h; sourceTree = "<group>"; };
		BA611EA51A63C8F700736A5F /* SASHTTPResponse.cpp */ = {isa = PBXFileReference; fileEncoding = 4; lastKnownFileType = sourcecode.cpp.cpp; path = SASHTTPResponse.cpp; sourceTree = "<group>"; };
		BA611EA61A63C8F700736A5F /* SASHTTPResponse.h */ = {isa = PBXFileReference; fileEncoding = 4; lastKnownFileType = sourcecode.c.h; path = SASHTTPResponse.h; sourceTree = "<group>"; };
		BA611EA71A63C8F700736A5F /* SASOptionsRequest.cpp */ = {isa = PBXFileReference; fileEncoding = 4; lastKnownFileType = sourcecode.cpp.cpp; path = SASOptionsRequest.cpp; sourceTree = "<group>"; };
		BA611EA81A63C8F700736A5F /* SASOptionsRequest.h */ = {isa = PBXFileReference; fileEncoding = 4; lastKnownFileType = sourcecode.c.h; path = SASOptionsRequest.h; sourceTree = "<group>"; };
		BA611EA91A63C8F700736A5F /* SASSerializer.cpp */ = {isa = PBXFileReference; fileEncoding = 4; lastKnownFileType = sourcecode.cpp.cpp; path = SASSerializer.cpp; sourceTree = "<group>"; };
		BA611EAA1A63C8F700736A5F /* SASSerializer.h */ = {isa = PBXFileReference; fileEncoding = 4; lastKnownFileType = sourcecode.c.h; path = SASSerializer.h; sourceTree = "<group>"; };
		BA611EAB1A63C8F700736A5F /* SASWBXml.cpp */ = {isa = PBXFileReference; fileEncoding = 4; lastKnownFileType = sourcecode.cpp.cpp; path = SASWBXml.cpp; sourceTree = "<group>"; };
		BA611EAC1A63C8F700736A5F /* SASWBXml.h */ = {isa = PBXFileReference; fileEncoding = 4; lastKnownFileType = sourcecode.c.h; path = SASWBXml.h; sourceTree = "<group>"; };
		BA611EB61A63C90400736A5F /* SASAttachment.cpp */ = {isa = PBXFileReference; fileEncoding = 4; lastKnownFileType = sourcecode.cpp.cpp; path = SASAttachment.cpp; sourceTree = "<group>"; };
		BA611EB71A63C90400736A5F /* SASAttachment.h */ = {isa = PBXFileReference; fileEncoding = 4; lastKnownFileType = sourcecode.c.h; path = SASAttachment.h; sourceTree = "<group>"; };
		BA611EB81A63C90400736A5F /* SASBaseEntity.cpp */ = {isa = PBXFileReference; fileEncoding = 4; lastKnownFileType = sourcecode.cpp.cpp; path = SASBaseEntity.cpp; sourceTree = "<group>"; };
		BA611EB91A63C90400736A5F /* SASBaseEntity.h */ = {isa = PBXFileReference; fileEncoding = 4; lastKnownFileType = sourcecode.c.h; path = SASBaseEntity.h; sourceTree = "<group>"; };
		BA611EBA1A63C90400736A5F /* SASBody.cpp */ = {isa = PBXFileReference; fileEncoding = 4; lastKnownFileType = sourcecode.cpp.cpp; path = SASBody.cpp; sourceTree = "<group>"; };
		BA611EBB1A63C90400736A5F /* SASBody.h */ = {isa = PBXFileReference; fileEncoding = 4; lastKnownFileType = sourcecode.c.h; path = SASBody.h; sourceTree = "<group>"; };
		BA611EBC1A63C90400736A5F /* SASCollection.cpp */ = {isa = PBXFileReference; fileEncoding = 4; lastKnownFileType = sourcecode.cpp.cpp; path = SASCollection.cpp; sourceTree = "<group>"; };
		BA611EBD1A63C90400736A5F /* SASCollection.h */ = {isa = PBXFileReference; fileEncoding = 4; lastKnownFileType = sourcecode.c.h; path = SASCollection.h; sourceTree = "<group>"; };
		BA611EBE1A63C90400736A5F /* SASDevice.cpp */ = {isa = PBXFileReference; fileEncoding = 4; lastKnownFileType = sourcecode.cpp.cpp; path = SASDevice.cpp; sourceTree = "<group>"; };
		BA611EBF1A63C90400736A5F /* SASDevice.h */ = {isa = PBXFileReference; fileEncoding = 4; lastKnownFileType = sourcecode.c.h; path = SASDevice.h; sourceTree = "<group>"; };
		BA611EC01A63C90400736A5F /* SASFolder.cpp */ = {isa = PBXFileReference; fileEncoding = 4; lastKnownFileType = sourcecode.cpp.cpp; path = SASFolder.cpp; sourceTree = "<group>"; };
		BA611EC11A63C90400736A5F /* SASFolder.h */ = {isa = PBXFileReference; fileEncoding = 4; lastKnownFileType = sourcecode.c.h; path = SASFolder.h; sourceTree = "<group>"; };
		BA611EC21A63C90400736A5F /* SASMail.cpp */ = {isa = PBXFileReference; fileEncoding = 4; lastKnownFileType = sourcecode.cpp.cpp; path = SASMail.cpp; sourceTree = "<group>"; };
		BA611EC31A63C90400736A5F /* SASMail.h */ = {isa = PBXFileReference; fileEncoding = 4; lastKnownFileType = sourcecode.c.h; path = SASMail.h; sourceTree = "<group>"; };
		BA611EC41A63C90400736A5F /* SASOof.cpp */ = {isa = PBXFileReference; fileEncoding = 4; lastKnownFileType = sourcecode.cpp.cpp; path = SASOof.cpp; sourceTree = "<group>"; };
		BA611EC51A63C90400736A5F /* SASOof.h */ = {isa = PBXFileReference; fileEncoding = 4; lastKnownFileType = sourcecode.c.h; path = SASOof.h; sourceTree = "<group>"; };
		BA611EC61A63C90400736A5F /* SASPolicy.cpp */ = {isa = PBXFileReference; fileEncoding = 4; lastKnownFileType = sourcecode.cpp.cpp; path = SASPolicy.cpp; sourceTree = "<group>"; };
		BA611EC71A63C90400736A5F /* SASPolicy.h */ = {isa = PBXFileReference; fileEncoding = 4; lastKnownFileType = sourcecode.c.h; path = SASPolicy.h; sourceTree = "<group>"; };
		BA611EC81A63C90400736A5F /* SASUserInformation.cpp */ = {isa = PBXFileReference; fileEncoding = 4; lastKnownFileType = sourcecode.cpp.cpp; path = SASUserInformation.cpp; sourceTree = "<group>"; };
		BA611EC91A63C90400736A5F /* SASUserInformation.h */ = {isa = PBXFileReference; fileEncoding = 4; lastKnownFileType = sourcecode.c.h; path = SASUserInformation.h; sourceTree = "<group>"; };
		BA611ED41A63CB9200736A5F /* libxml2.dylib */ = {isa = PBXFileReference; lastKnownFileType = "compiled.mach-o.dylib"; name = libxml2.dylib; path = usr/lib/libxml2.dylib; sourceTree = SDKROOT; };
		BA611F2F1A63DFF200736A5F /* Security.framework */ = {isa = PBXFileReference; lastKnownFileType = wrapper.framework; name = Security.framework; path = System/Library/Frameworks/Security.framework; sourceTree = SDKROOT; };
		BA611F311A63DFFD00736A5F /* libz.dylib */ = {isa = PBXFileReference; lastKnownFileType = "compiled.mach-o.dylib"; name = libz.dylib; path = usr/lib/libz.dylib; sourceTree = SDKROOT; };
		BA611F331A63E01E00736A5F /* MobileCoreServices.framework */ = {isa = PBXFileReference; lastKnownFileType = wrapper.framework; name = MobileCoreServices.framework; path = System/Library/Frameworks/MobileCoreServices.framework; sourceTree = SDKROOT; };
		BA611F391A63E26800736A5F /* SlimEASDemo.app */ = {isa = PBXFileReference; explicitFileType = wrapper.application; includeInIndex = 0; path = SlimEASDemo.app; sourceTree = BUILT_PRODUCTS_DIR; };
		BA611F3C1A63E26800736A5F /* Info.plist */ = {isa = PBXFileReference; lastKnownFileType = text.plist.xml; path = Info.plist; sourceTree = "<group>"; };
		BA611F3D1A63E26800736A5F /* main.m */ = {isa = PBXFileReference; lastKnownFileType = sourcecode.c.objc; path = main.m; sourceTree = "<group>"; };
		BA611F3F1A63E26800736A5F /* AppDelegate.h */ = {isa = PBXFileReference; lastKnownFileType = sourcecode.c.h; path = AppDelegate.h; sourceTree = "<group>"; };
		BA611F401A63E26800736A5F /* AppDelegate.mm */ = {isa = PBXFileReference; lastKnownFileType = sourcecode.cpp.objcpp; path = AppDelegate.mm; sourceTree = "<group>"; };
		BA611F421A63E26800736A5F /* ViewController.h */ = {isa = PBXFileReference; lastKnownFileType = sourcecode.c.h; path = ViewController.h; sourceTree = "<group>"; };
		BA611F431A63E26800736A5F /* ViewController.m */ = {isa = PBXFileReference; lastKnownFileType = sourcecode.c.objc; path = ViewController.m; sourceTree = "<group>"; };
		BA611F461A63E26800736A5F /* Base */ = {isa = PBXFileReference; lastKnownFileType = file.storyboard; name = Base; path = Base.lproj/Main.storyboard; sourceTree = "<group>"; };
		BA611F481A63E26800736A5F /* Images.xcassets */ = {isa = PBXFileReference; lastKnownFileType = folder.assetcatalog; path = Images.xcassets; sourceTree = "<group>"; };
		BA611F4B1A63E26800736A5F /* Base */ = {isa = PBXFileReference; lastKnownFileType = file.xib; name = Base; path = Base.lproj/LaunchScreen.xib; sourceTree = "<group>"; };
		BA611F8C1A641DAD00736A5F /* SlimEASTest.cpp */ = {isa = PBXFileReference; fileEncoding = 4; lastKnownFileType = sourcecode.cpp.cpp; path = SlimEASTest.cpp; sourceTree = "<group>"; };
		BA611F8D1A641DAD00736A5F /* SlimEASTest.h */ = {isa = PBXFileReference; fileEncoding = 4; lastKnownFileType = sourcecode.c.h; path = SlimEASTest.h; sourceTree = "<group>"; };
/* End PBXFileReference section */

/* Begin PBXFrameworksBuildPhase section */
		BA611E441A63C88F00736A5F /* Frameworks */ = {
			isa = PBXFrameworksBuildPhase;
			buildActionMask = 2147483647;
			files = (
				9C69356D870205D0EA311934 /* libPods-SlimEAS.a in Frameworks */,
			);
			runOnlyForDeploymentPostprocessing = 0;
		};
		BA611F361A63E26800736A5F /* Frameworks */ = {
			isa = PBXFrameworksBuildPhase;
			buildActionMask = 2147483647;
			files = (
				BA611F631A640AF500736A5F /* Security.framework in Frameworks */,
				C561E4BCA00AF6E5051FAEE7 /* libPods-SlimEASDemo.a in Frameworks */,
			);
			runOnlyForDeploymentPostprocessing = 0;
		};
/* End PBXFrameworksBuildPhase section */

/* Begin PBXGroup section */
		2D07008CAD93A3B14890084E /* Pods */ = {
			isa = PBXGroup;
			children = (
				73BEBB824A1E799F2448B52F /* Pods-SlimEAS.debug.xcconfig */,
				9A7E90B85AAA5A5C5B3EA830 /* Pods-SlimEAS.release.xcconfig */,
				A886D671C98F62B81A8781AD /* Pods-SlimEASDemo.debug.xcconfig */,
				84DE2C4AE08EEFE40E6F34BB /* Pods-SlimEASDemo.release.xcconfig */,
			);
			name = Pods;
			sourceTree = "<group>";
		};
		B59329B0700621EDAFE49F7B /* Frameworks */ = {
			isa = PBXGroup;
			children = (
				BA611F331A63E01E00736A5F /* MobileCoreServices.framework */,
				BA611F311A63DFFD00736A5F /* libz.dylib */,
				BA611F2F1A63DFF200736A5F /* Security.framework */,
				BA611ED41A63CB9200736A5F /* libxml2.dylib */,
				566C2869B437BEF86BAA1CA9 /* libPods-SlimEAS.a */,
				79E8924E9226A31CC5CA2A84 /* libPods-SlimEASDemo.a */,
			);
			name = Frameworks;
			sourceTree = "<group>";
		};
		BA611E3E1A63C88F00736A5F = {
			isa = PBXGroup;
			children = (
				BA611E491A63C88F00736A5F /* SlimEAS */,
				BA611F3A1A63E26800736A5F /* SlimEASDemo */,
				BA611E481A63C88F00736A5F /* Products */,
				2D07008CAD93A3B14890084E /* Pods */,
				B59329B0700621EDAFE49F7B /* Frameworks */,
			);
			sourceTree = "<group>";
		};
		BA611E481A63C88F00736A5F /* Products */ = {
			isa = PBXGroup;
			children = (
				BA611E471A63C88F00736A5F /* libSlimEAS.a */,
				BA611F391A63E26800736A5F /* SlimEASDemo.app */,
			);
			name = Products;
			sourceTree = "<group>";
		};
		BA611E491A63C88F00736A5F /* SlimEAS */ = {
			isa = PBXGroup;
			children = (
				BA611EB51A63C90400736A5F /* models */,
				BA611E9B1A63C8F700736A5F /* core */,
				BA611E671A63C8EA00736A5F /* commands */,
				BA611E611A63C8E000736A5F /* base64 */,
				BA611E4A1A63C88F00736A5F /* SlimEAS.h */,
			);
			path = SlimEAS;
			sourceTree = "<group>";
		};
		BA611E611A63C8E000736A5F /* base64 */ = {
			isa = PBXGroup;
			children = (
				BA611E621A63C8E000736A5F /* b64.h */,
				BA611E631A63C8E000736A5F /* decode.c */,
				BA611E641A63C8E000736A5F /* encode.c */,
			);
			path = base64;
			sourceTree = "<group>";
		};
		BA611E671A63C8EA00736A5F /* commands */ = {
			isa = PBXGroup;
			children = (
				BA611E681A63C8EA00736A5F /* SASFolderSyncRequest.cpp */,
				BA611E691A63C8EA00736A5F /* SASFolderSyncRequest.h */,
				BA611E6A1A63C8EA00736A5F /* SASFolderSyncResponse.cpp */,
				BA611E6B1A63C8EA00736A5F /* SASFolderSyncResponse.h */,
				BA611E6C1A63C8EA00736A5F /* SASItemOperationsRequest.cpp */,
				BA611E6D1A63C8EA00736A5F /* SASItemOperationsRequest.h */,
				BA611E6E1A63C8EA00736A5F /* SASItemOperationsResponse.cpp */,
				BA611E6F1A63C8EA00736A5F /* SASItemOperationsResponse.h */,
				BA611E701A63C8EA00736A5F /* SASMailBaseRequest.cpp */,
				BA611E711A63C8EA00736A5F /* SASMailBaseRequest.h */,
				BA611E721A63C8EA00736A5F /* SASPingRequest.cpp */,
				BA611E731A63C8EA00736A5F /* SASPingRequest.h */,
				BA611E741A63C8EA00736A5F /* SASPingResponse.cpp */,
				BA611E751A63C8EA00736A5F /* SASPingResponse.h */,
				BA611E761A63C8EA00736A5F /* SASProvisionRequest.cpp */,
				BA611E771A63C8EA00736A5F /* SASProvisionRequest.h */,
				BA611E781A63C8EA00736A5F /* SASProvisionResponse.cpp */,
				BA611E791A63C8EA00736A5F /* SASProvisionResponse.h */,
				BA611E7A1A63C8EA00736A5F /* SASSendMailRequest.cpp */,
				BA611E7B1A63C8EA00736A5F /* SASSendMailRequest.h */,
				BA611E7C1A63C8EA00736A5F /* SASSendMailResponse.cpp */,
				BA611E7D1A63C8EA00736A5F /* SASSendMailResponse.h */,
				BA611E7E1A63C8EA00736A5F /* SASSettingsRequest.cpp */,
				BA611E7F1A63C8EA00736A5F /* SASSettingsRequest.h */,
				BA611E801A63C8EA00736A5F /* SASSettingsResponse.cpp */,
				BA611E811A63C8EA00736A5F /* SASSettingsResponse.h */,
				BA611E821A63C8EA00736A5F /* SASSmartForwardRequest.cpp */,
				BA611E831A63C8EA00736A5F /* SASSmartForwardRequest.h */,
				BA611E841A63C8EA00736A5F /* SASSmartReplyRequest.cpp */,
				BA611E851A63C8EA00736A5F /* SASSmartReplyRequest.h */,
				BA611E861A63C8EA00736A5F /* SASSyncRequest.cpp */,
				BA611E871A63C8EA00736A5F /* SASSyncRequest.h */,
				BA611E881A63C8EA00736A5F /* SASSyncResponse.cpp */,
				BA611E891A63C8EA00736A5F /* SASSyncResponse.h */,
			);
			path = commands;
			sourceTree = "<group>";
		};
		BA611E9B1A63C8F700736A5F /* core */ = {
			isa = PBXGroup;
			children = (
				BA611E9C1A63C8F700736A5F /* SASCommandRequest.cpp */,
				BA611E9D1A63C8F700736A5F /* SASCommandRequest.h */,
				BA611E9E1A63C8F700736A5F /* SASCommandResponse.cpp */,
				BA611E9F1A63C8F700736A5F /* SASCommandResponse.h */,
				BA611EA01A63C8F700736A5F /* SASDefine.h */,
				BA611EA11A63C8F700736A5F /* SASEncodedRequest.cpp */,
				BA611EA21A63C8F700736A5F /* SASEncodedRequest.h */,
				BA611EA31A63C8F700736A5F /* SASHTTPRequest.cpp */,
				BA611EA41A63C8F700736A5F /* SASHTTPRequest.h */,
				BA611EA51A63C8F700736A5F /* SASHTTPResponse.cpp */,
				BA611EA61A63C8F700736A5F /* SASHTTPResponse.h */,
				BA611EA71A63C8F700736A5F /* SASOptionsRequest.cpp */,
				BA611EA81A63C8F700736A5F /* SASOptionsRequest.h */,
				BA611EA91A63C8F700736A5F /* SASSerializer.cpp */,
				BA611EAA1A63C8F700736A5F /* SASSerializer.h */,
				BA611EAB1A63C8F700736A5F /* SASWBXml.cpp */,
				BA611EAC1A63C8F700736A5F /* SASWBXml.h */,
			);
			path = core;
			sourceTree = "<group>";
		};
		BA611EB51A63C90400736A5F /* models */ = {
			isa = PBXGroup;
			children = (
				BA611EB61A63C90400736A5F /* SASAttachment.cpp */,
				BA611EB71A63C90400736A5F /* SASAttachment.h */,
				BA611EB81A63C90400736A5F /* SASBaseEntity.cpp */,
				BA611EB91A63C90400736A5F /* SASBaseEntity.h */,
				BA611EBA1A63C90400736A5F /* SASBody.cpp */,
				BA611EBB1A63C90400736A5F /* SASBody.h */,
				BA611EBC1A63C90400736A5F /* SASCollection.cpp */,
				BA611EBD1A63C90400736A5F /* SASCollection.h */,
				BA611EBE1A63C90400736A5F /* SASDevice.cpp */,
				BA611EBF1A63C90400736A5F /* SASDevice.h */,
				BA611EC01A63C90400736A5F /* SASFolder.cpp */,
				BA611EC11A63C90400736A5F /* SASFolder.h */,
				BA611EC21A63C90400736A5F /* SASMail.cpp */,
				BA611EC31A63C90400736A5F /* SASMail.h */,
				BA611EC41A63C90400736A5F /* SASOof.cpp */,
				BA611EC51A63C90400736A5F /* SASOof.h */,
				BA611EC61A63C90400736A5F /* SASPolicy.cpp */,
				BA611EC71A63C90400736A5F /* SASPolicy.h */,
				BA611EC81A63C90400736A5F /* SASUserInformation.cpp */,
				BA611EC91A63C90400736A5F /* SASUserInformation.h */,
			);
			path = models;
			sourceTree = "<group>";
		};
		BA611F3A1A63E26800736A5F /* SlimEASDemo */ = {
			isa = PBXGroup;
			children = (
				BA611F8C1A641DAD00736A5F /* SlimEASTest.cpp */,
				BA611F8D1A641DAD00736A5F /* SlimEASTest.h */,
				BA611F3F1A63E26800736A5F /* AppDelegate.h */,
				BA611F401A63E26800736A5F /* AppDelegate.mm */,
				BA611F421A63E26800736A5F /* ViewController.h */,
				BA611F431A63E26800736A5F /* ViewController.m */,
				BA611F451A63E26800736A5F /* Main.storyboard */,
				BA611F481A63E26800736A5F /* Images.xcassets */,
				BA611F4A1A63E26800736A5F /* LaunchScreen.xib */,
				BA611F3B1A63E26800736A5F /* Supporting Files */,
			);
			path = SlimEASDemo;
			sourceTree = "<group>";
		};
		BA611F3B1A63E26800736A5F /* Supporting Files */ = {
			isa = PBXGroup;
			children = (
				BA611F3C1A63E26800736A5F /* Info.plist */,
				BA611F3D1A63E26800736A5F /* main.m */,
			);
			name = "Supporting Files";
			sourceTree = "<group>";
		};
/* End PBXGroup section */

/* Begin PBXNativeTarget section */
		BA611E461A63C88F00736A5F /* SlimEAS */ = {
			isa = PBXNativeTarget;
			buildConfigurationList = BA611E5B1A63C88F00736A5F /* Build configuration list for PBXNativeTarget "SlimEAS" */;
			buildPhases = (
				22A31916E49B1EC6F151273C /* Check Pods Manifest.lock */,
				BA611E431A63C88F00736A5F /* Sources */,
				BA611E441A63C88F00736A5F /* Frameworks */,
				BA611E451A63C88F00736A5F /* CopyFiles */,
				1424ABA5DB0EADC33E3D9D32 /* Copy Pods Resources */,
			);
			buildRules = (
			);
			dependencies = (
			);
			name = SlimEAS;
			productName = SlimEAS;
			productReference = BA611E471A63C88F00736A5F /* libSlimEAS.a */;
			productType = "com.apple.product-type.library.static";
		};
		BA611F381A63E26800736A5F /* SlimEASDemo */ = {
			isa = PBXNativeTarget;
			buildConfigurationList = BA611F591A63E26800736A5F /* Build configuration list for PBXNativeTarget "SlimEASDemo" */;
			buildPhases = (
				5E8DDC482E4FD1A175CED7C0 /* Check Pods Manifest.lock */,
				BA611F351A63E26800736A5F /* Sources */,
				BA611F361A63E26800736A5F /* Frameworks */,
				BA611F371A63E26800736A5F /* Resources */,
				18F5B1724E1AE81F19B2FFAC /* Copy Pods Resources */,
			);
			buildRules = (
			);
			dependencies = (
				BA611F611A6408E800736A5F /* PBXTargetDependency */,
			);
			name = SlimEASDemo;
			productName = SlimEASDemo;
			productReference = BA611F391A63E26800736A5F /* SlimEASDemo.app */;
			productType = "com.apple.product-type.application";
		};
/* End PBXNativeTarget section */

/* Begin PBXProject section */
		BA611E3F1A63C88F00736A5F /* Project object */ = {
			isa = PBXProject;
			attributes = {
				LastUpgradeCheck = 0610;
				ORGANIZATIONNAME = Slim;
				TargetAttributes = {
					BA611E461A63C88F00736A5F = {
						CreatedOnToolsVersion = 6.1.1;
					};
					BA611F381A63E26800736A5F = {
						CreatedOnToolsVersion = 6.1.1;
					};
				};
			};
			buildConfigurationList = BA611E421A63C88F00736A5F /* Build configuration list for PBXProject "SlimEAS" */;
			compatibilityVersion = "Xcode 3.2";
			developmentRegion = English;
			hasScannedForEncodings = 0;
			knownRegions = (
				en,
				Base,
			);
			mainGroup = BA611E3E1A63C88F00736A5F;
			productRefGroup = BA611E481A63C88F00736A5F /* Products */;
			projectDirPath = "";
			projectRoot = "";
			targets = (
				BA611E461A63C88F00736A5F /* SlimEAS */,
				BA611F381A63E26800736A5F /* SlimEASDemo */,
			);
		};
/* End PBXProject section */

/* Begin PBXResourcesBuildPhase section */
		BA611F371A63E26800736A5F /* Resources */ = {
			isa = PBXResourcesBuildPhase;
			buildActionMask = 2147483647;
			files = (
				BA611F471A63E26800736A5F /* Main.storyboard in Resources */,
				BA611F4C1A63E26800736A5F /* LaunchScreen.xib in Resources */,
				BA611F491A63E26800736A5F /* Images.xcassets in Resources */,
			);
			runOnlyForDeploymentPostprocessing = 0;
		};
/* End PBXResourcesBuildPhase section */

/* Begin PBXShellScriptBuildPhase section */
		1424ABA5DB0EADC33E3D9D32 /* Copy Pods Resources */ = {
			isa = PBXShellScriptBuildPhase;
			buildActionMask = 2147483647;
			files = (
			);
			inputPaths = (
			);
			name = "Copy Pods Resources";
			outputPaths = (
			);
			runOnlyForDeploymentPostprocessing = 0;
			shellPath = /bin/sh;
			shellScript = "\"${SRCROOT}/Pods/Target Support Files/Pods-SlimEAS/Pods-SlimEAS-resources.sh\"\n";
			showEnvVarsInLog = 0;
		};
		18F5B1724E1AE81F19B2FFAC /* Copy Pods Resources */ = {
			isa = PBXShellScriptBuildPhase;
			buildActionMask = 2147483647;
			files = (
			);
			inputPaths = (
			);
			name = "Copy Pods Resources";
			outputPaths = (
			);
			runOnlyForDeploymentPostprocessing = 0;
			shellPath = /bin/sh;
			shellScript = "\"${SRCROOT}/Pods/Target Support Files/Pods-SlimEASDemo/Pods-SlimEASDemo-resources.sh\"\n";
			showEnvVarsInLog = 0;
		};
		22A31916E49B1EC6F151273C /* Check Pods Manifest.lock */ = {
			isa = PBXShellScriptBuildPhase;
			buildActionMask = 2147483647;
			files = (
			);
			inputPaths = (
			);
			name = "Check Pods Manifest.lock";
			outputPaths = (
			);
			runOnlyForDeploymentPostprocessing = 0;
			shellPath = /bin/sh;
			shellScript = "diff \"${PODS_ROOT}/../Podfile.lock\" \"${PODS_ROOT}/Manifest.lock\" > /dev/null\nif [[ $? != 0 ]] ; then\n    cat << EOM\nerror: The sandbox is not in sync with the Podfile.lock. Run 'pod install' or update your CocoaPods installation.\nEOM\n    exit 1\nfi\n";
			showEnvVarsInLog = 0;
		};
		5E8DDC482E4FD1A175CED7C0 /* Check Pods Manifest.lock */ = {
			isa = PBXShellScriptBuildPhase;
			buildActionMask = 2147483647;
			files = (
			);
			inputPaths = (
			);
			name = "Check Pods Manifest.lock";
			outputPaths = (
			);
			runOnlyForDeploymentPostprocessing = 0;
			shellPath = /bin/sh;
			shellScript = "diff \"${PODS_ROOT}/../Podfile.lock\" \"${PODS_ROOT}/Manifest.lock\" > /dev/null\nif [[ $? != 0 ]] ; then\n    cat << EOM\nerror: The sandbox is not in sync with the Podfile.lock. Run 'pod install' or update your CocoaPods installation.\nEOM\n    exit 1\nfi\n";
			showEnvVarsInLog = 0;
		};
/* End PBXShellScriptBuildPhase section */

/* Begin PBXSourcesBuildPhase section */
		BA611E431A63C88F00736A5F /* Sources */ = {
			isa = PBXSourcesBuildPhase;
			buildActionMask = 2147483647;
			files = (
				BA611EAF1A63C8F700736A5F /* SASEncodedRequest.cpp in Sources */,
				BA611E9A1A63C8EA00736A5F /* SASSyncResponse.cpp in Sources */,
				BA611ED01A63C90400736A5F /* SASMail.cpp in Sources */,
				BA611EAD1A63C8F700736A5F /* SASCommandRequest.cpp in Sources */,
				BA611E8C1A63C8EA00736A5F /* SASItemOperationsRequest.cpp in Sources */,
				BA611E8F1A63C8EA00736A5F /* SASPingRequest.cpp in Sources */,
				BA611EAE1A63C8F700736A5F /* SASCommandResponse.cpp in Sources */,
				BA611E951A63C8EA00736A5F /* SASSettingsRequest.cpp in Sources */,
				BA611ECC1A63C90400736A5F /* SASBody.cpp in Sources */,
				BA611E8E1A63C8EA00736A5F /* SASMailBaseRequest.cpp in Sources */,
				BA611E991A63C8EA00736A5F /* SASSyncRequest.cpp in Sources */,
				BA611E8D1A63C8EA00736A5F /* SASItemOperationsResponse.cpp in Sources */,
				BA611EB11A63C8F700736A5F /* SASHTTPResponse.cpp in Sources */,
				BA611EB31A63C8F700736A5F /* SASSerializer.cpp in Sources */,
				BA611E931A63C8EA00736A5F /* SASSendMailRequest.cpp in Sources */,
				BA611E8A1A63C8EA00736A5F /* SASFolderSyncRequest.cpp in Sources */,
				BA611E971A63C8EA00736A5F /* SASSmartForwardRequest.cpp in Sources */,
				BA611E8B1A63C8EA00736A5F /* SASFolderSyncResponse.cpp in Sources */,
				BA611ED11A63C90400736A5F /* SASOof.cpp in Sources */,
				BA611EB01A63C8F700736A5F /* SASHTTPRequest.cpp in Sources */,
				BA611E901A63C8EA00736A5F /* SASPingResponse.cpp in Sources */,
				BA611ED21A63C90400736A5F /* SASPolicy.cpp in Sources */,
				BA611ECB1A63C90400736A5F /* SASBaseEntity.cpp in Sources */,
				BA611ECD1A63C90400736A5F /* SASCollection.cpp in Sources */,
				BA611ECE1A63C90400736A5F /* SASDevice.cpp in Sources */,
				BA611ED31A63C90400736A5F /* SASUserInformation.cpp in Sources */,
				BA611E981A63C8EA00736A5F /* SASSmartReplyRequest.cpp in Sources */,
				BA611ECF1A63C90400736A5F /* SASFolder.cpp in Sources */,
				BA611EB41A63C8F700736A5F /* SASWBXml.cpp in Sources */,
				BA611E961A63C8EA00736A5F /* SASSettingsResponse.cpp in Sources */,
				BA611E911A63C8EA00736A5F /* SASProvisionRequest.cpp in Sources */,
				BA611ECA1A63C90400736A5F /* SASAttachment.cpp in Sources */,
				BA611E921A63C8EA00736A5F /* SASProvisionResponse.cpp in Sources */,
				BA611EB21A63C8F700736A5F /* SASOptionsRequest.cpp in Sources */,
				BA611E651A63C8E000736A5F /* decode.c in Sources */,
				BA611E661A63C8E000736A5F /* encode.c in Sources */,
				BA611E941A63C8EA00736A5F /* SASSendMailResponse.cpp in Sources */,
			);
			runOnlyForDeploymentPostprocessing = 0;
		};
		BA611F351A63E26800736A5F /* Sources */ = {
			isa = PBXSourcesBuildPhase;
			buildActionMask = 2147483647;
			files = (
				BA611F441A63E26800736A5F /* ViewController.m in Sources */,
				BA611F411A63E26800736A5F /* AppDelegate.mm in Sources */,
				BA611F8E1A641DAD00736A5F /* SlimEASTest.cpp in Sources */,
				BA611F3E1A63E26800736A5F /* main.m in Sources */,
			);
			runOnlyForDeploymentPostprocessing = 0;
		};
/* End PBXSourcesBuildPhase section */

/* Begin PBXTargetDependency section */
		BA611F611A6408E800736A5F /* PBXTargetDependency */ = {
			isa = PBXTargetDependency;
			target = BA611E461A63C88F00736A5F /* SlimEAS */;
			targetProxy = BA611F601A6408E800736A5F /* PBXContainerItemProxy */;
		};
/* End PBXTargetDependency section */

/* Begin PBXVariantGroup section */
		BA611F451A63E26800736A5F /* Main.storyboard */ = {
			isa = PBXVariantGroup;
			children = (
				BA611F461A63E26800736A5F /* Base */,
			);
			name = Main.storyboard;
			sourceTree = "<group>";
		};
		BA611F4A1A63E26800736A5F /* LaunchScreen.xib */ = {
			isa = PBXVariantGroup;
			children = (
				BA611F4B1A63E26800736A5F /* Base */,
			);
			name = LaunchScreen.xib;
			sourceTree = "<group>";
		};
/* End PBXVariantGroup section */

/* Begin XCBuildConfiguration section */
		BA611E591A63C88F00736A5F /* Debug */ = {
			isa = XCBuildConfiguration;
			buildSettings = {
				ALWAYS_SEARCH_USER_PATHS = NO;
				CLANG_CXX_LANGUAGE_STANDARD = "gnu++0x";
				CLANG_CXX_LIBRARY = "libc++";
				CLANG_ENABLE_MODULES = YES;
				CLANG_ENABLE_OBJC_ARC = YES;
				CLANG_WARN_BOOL_CONVERSION = YES;
				CLANG_WARN_CONSTANT_CONVERSION = YES;
				CLANG_WARN_DIRECT_OBJC_ISA_USAGE = YES_ERROR;
				CLANG_WARN_EMPTY_BODY = YES;
				CLANG_WARN_ENUM_CONVERSION = YES;
				CLANG_WARN_INT_CONVERSION = YES;
				CLANG_WARN_OBJC_ROOT_CLASS = YES_ERROR;
				CLANG_WARN_UNREACHABLE_CODE = YES;
				CLANG_WARN__DUPLICATE_METHOD_MATCH = YES;
				COPY_PHASE_STRIP = NO;
				ENABLE_STRICT_OBJC_MSGSEND = YES;
				GCC_C_LANGUAGE_STANDARD = gnu99;
				GCC_DYNAMIC_NO_PIC = NO;
				GCC_OPTIMIZATION_LEVEL = 0;
				GCC_PREPROCESSOR_DEFINITIONS = (
					"DEBUG=1",
					"$(inherited)",
				);
				GCC_SYMBOLS_PRIVATE_EXTERN = NO;
				GCC_WARN_64_TO_32_BIT_CONVERSION = YES;
				GCC_WARN_ABOUT_RETURN_TYPE = YES_ERROR;
				GCC_WARN_UNDECLARED_SELECTOR = YES;
				GCC_WARN_UNINITIALIZED_AUTOS = YES_AGGRESSIVE;
				GCC_WARN_UNUSED_FUNCTION = YES;
				GCC_WARN_UNUSED_VARIABLE = YES;
				IPHONEOS_DEPLOYMENT_TARGET = 8.1;
				MTL_ENABLE_DEBUG_INFO = YES;
				ONLY_ACTIVE_ARCH = YES;
				SDKROOT = iphoneos;
			};
			name = Debug;
		};
		BA611E5A1A63C88F00736A5F /* Release */ = {
			isa = XCBuildConfiguration;
			buildSettings = {
				ALWAYS_SEARCH_USER_PATHS = NO;
				CLANG_CXX_LANGUAGE_STANDARD = "gnu++0x";
				CLANG_CXX_LIBRARY = "libc++";
				CLANG_ENABLE_MODULES = YES;
				CLANG_ENABLE_OBJC_ARC = YES;
				CLANG_WARN_BOOL_CONVERSION = YES;
				CLANG_WARN_CONSTANT_CONVERSION = YES;
				CLANG_WARN_DIRECT_OBJC_ISA_USAGE = YES_ERROR;
				CLANG_WARN_EMPTY_BODY = YES;
				CLANG_WARN_ENUM_CONVERSION = YES;
				CLANG_WARN_INT_CONVERSION = YES;
				CLANG_WARN_OBJC_ROOT_CLASS = YES_ERROR;
				CLANG_WARN_UNREACHABLE_CODE = YES;
				CLANG_WARN__DUPLICATE_METHOD_MATCH = YES;
				COPY_PHASE_STRIP = YES;
				ENABLE_NS_ASSERTIONS = NO;
				ENABLE_STRICT_OBJC_MSGSEND = YES;
				GCC_C_LANGUAGE_STANDARD = gnu99;
				GCC_WARN_64_TO_32_BIT_CONVERSION = YES;
				GCC_WARN_ABOUT_RETURN_TYPE = YES_ERROR;
				GCC_WARN_UNDECLARED_SELECTOR = YES;
				GCC_WARN_UNINITIALIZED_AUTOS = YES_AGGRESSIVE;
				GCC_WARN_UNUSED_FUNCTION = YES;
				GCC_WARN_UNUSED_VARIABLE = YES;
				IPHONEOS_DEPLOYMENT_TARGET = 8.1;
				MTL_ENABLE_DEBUG_INFO = NO;
				SDKROOT = iphoneos;
				VALIDATE_PRODUCT = YES;
			};
			name = Release;
		};
		BA611E5C1A63C88F00736A5F /* Debug */ = {
			isa = XCBuildConfiguration;
			baseConfigurationReference = 73BEBB824A1E799F2448B52F /* Pods-SlimEAS.debug.xcconfig */;
			buildSettings = {
				HEADER_SEARCH_PATHS = (
					"\"${PODS_ROOT}/Headers/Public\"",
					"\"${PODS_ROOT}/Headers/Public/expat\"",
					"\"${PODS_ROOT}/Headers/Public/libwbxml\"",
					"\"${PODS_ROOT}/Headers/Public/mimetic\"",
					"\"${PODS_ROOT}/Headers/Public/mimetic/codec\"",
					"\"${PODS_ROOT}/Headers/Public/mimetic/os\"",
					"\"${PODS_ROOT}/Headers/Public/mimetic/parser\"",
					"\"${PODS_ROOT}/Headers/Public/mimetic/rfc822\"",
					"$(PODS_ROOT)/expat",
					"$(PODS_ROOT)/wbxml/src",
					"\"$(PROJECT_DIR)/external/include\"",
					"${SDKROOT}/usr/include/libxml2",
				);
				LIBRARY_SEARCH_PATHS = (
					"\"$(PROJECT_DIR)/External/bin\"",
					"$(PROJECT_DIR)/external/lib",
				);
				OTHER_LDFLAGS = "$(inherited)";
				PRODUCT_NAME = "$(TARGET_NAME)";
				SKIP_INSTALL = YES;
			};
			name = Debug;
		};
		BA611E5D1A63C88F00736A5F /* Release */ = {
			isa = XCBuildConfiguration;
			baseConfigurationReference = 9A7E90B85AAA5A5C5B3EA830 /* Pods-SlimEAS.release.xcconfig */;
			buildSettings = {
				HEADER_SEARCH_PATHS = (
					"\"${PODS_ROOT}/Headers/Public\"",
					"\"${PODS_ROOT}/Headers/Public/expat\"",
					"\"${PODS_ROOT}/Headers/Public/libwbxml\"",
					"\"${PODS_ROOT}/Headers/Public/mimetic\"",
					"\"${PODS_ROOT}/Headers/Public/mimetic/codec\"",
					"\"${PODS_ROOT}/Headers/Public/mimetic/os\"",
					"\"${PODS_ROOT}/Headers/Public/mimetic/parser\"",
					"\"${PODS_ROOT}/Headers/Public/mimetic/rfc822\"",
					"$(PODS_ROOT)/expat",
					"$(PODS_ROOT)/wbxml/src",
					"\"$(PROJECT_DIR)/external/include\"",
					"${SDKROOT}/usr/include/libxml2",
				);
				LIBRARY_SEARCH_PATHS = (
					"\"$(PROJECT_DIR)/External/bin\"",
					"$(PROJECT_DIR)/external/lib",
				);
				OTHER_LDFLAGS = "$(inherited)";
				PRODUCT_NAME = "$(TARGET_NAME)";
				SKIP_INSTALL = YES;
			};
			name = Release;
		};
		BA611F5A1A63E26800736A5F /* Debug */ = {
			isa = XCBuildConfiguration;
			baseConfigurationReference = A886D671C98F62B81A8781AD /* Pods-SlimEASDemo.debug.xcconfig */;
			buildSettings = {
				ASSETCATALOG_COMPILER_APPICON_NAME = AppIcon;
				"CODE_SIGN_IDENTITY[sdk=iphoneos*]" = "iPhone Developer";
				GCC_PREPROCESSOR_DEFINITIONS = (
					"DEBUG=1",
					"$(inherited)",
				);
				HEADER_SEARCH_PATHS = (
					"\"${PODS_ROOT}/Headers/Public\"",
					"\"${PODS_ROOT}/Headers/Public/expat\"",
					"\"${PODS_ROOT}/Headers/Public/libwbxml\"",
					"\"${PODS_ROOT}/Headers/Public/mimetic\"",
					"\"${PODS_ROOT}/Headers/Public/mimetic/codec\"",
					"\"${PODS_ROOT}/Headers/Public/mimetic/os\"",
					"\"${PODS_ROOT}/Headers/Public/mimetic/parser\"",
					"\"${PODS_ROOT}/Headers/Public/mimetic/rfc822\"",
					"\"${PODS_ROOT}/Headers/Public/pop\"",
					"$(PROJECT_DIR)/external/include",
					"${SDKROOT}/usr/include/libxml2",
				);
				INFOPLIST_FILE = SlimEASDemo/Info.plist;
				LD_RUNPATH_SEARCH_PATHS = "$(inherited) @executable_path/Frameworks";
				LIBRARY_SEARCH_PATHS = "$(PROJECT_DIR)/external/lib";
				OTHER_LDFLAGS = (
					"-ObjC",
					"-l\"Pods-SlimEASDemo-pop\"",
					"-lxml2",
					"-lstdc++",
					"-lz",
					"-lcurl",
					"-lSlimEAS",
				);
				PRODUCT_NAME = "$(TARGET_NAME)";
				TARGETED_DEVICE_FAMILY = "1,2";
			};
			name = Debug;
		};
		BA611F5B1A63E26800736A5F /* Release */ = {
			isa = XCBuildConfiguration;
			baseConfigurationReference = 84DE2C4AE08EEFE40E6F34BB /* Pods-SlimEASDemo.release.xcconfig */;
			buildSettings = {
				ASSETCATALOG_COMPILER_APPICON_NAME = AppIcon;
				"CODE_SIGN_IDENTITY[sdk=iphoneos*]" = "iPhone Developer";
				HEADER_SEARCH_PATHS = (
					"\"${PODS_ROOT}/Headers/Public\"",
					"\"${PODS_ROOT}/Headers/Public/expat\"",
					"\"${PODS_ROOT}/Headers/Public/libwbxml\"",
					"\"${PODS_ROOT}/Headers/Public/mimetic\"",
					"\"${PODS_ROOT}/Headers/Public/mimetic/codec\"",
					"\"${PODS_ROOT}/Headers/Public/mimetic/os\"",
					"\"${PODS_ROOT}/Headers/Public/mimetic/parser\"",
					"\"${PODS_ROOT}/Headers/Public/mimetic/rfc822\"",
					"\"${PODS_ROOT}/Headers/Public/pop\"",
					"$(PROJECT_DIR)/external/include",
					"${SDKROOT}/usr/include/libxml2",
				);
				INFOPLIST_FILE = SlimEASDemo/Info.plist;
				LD_RUNPATH_SEARCH_PATHS = "$(inherited) @executable_path/Frameworks";
				LIBRARY_SEARCH_PATHS = "$(PROJECT_DIR)/external/lib";
				OTHER_LDFLAGS = (
					"-ObjC",
					"-l\"Pods-SlimEASDemo-pop\"",
					"-lxml2",
					"-lstdc++",
					"-lz",
					"-lcurl",
					"-lSlimEAS",
				);
				PRODUCT_NAME = "$(TARGET_NAME)";
				TARGETED_DEVICE_FAMILY = "1,2";
			};
			name = Release;
		};
/* End XCBuildConfiguration section */

/* Begin XCConfigurationList section */
		BA611E421A63C88F00736A5F /* Build configuration list for PBXProject "SlimEAS" */ = {
			isa = XCConfigurationList;
			buildConfigurations = (
				BA611E591A63C88F00736A5F /* Debug */,
				BA611E5A1A63C88F00736A5F /* Release */,
			);
			defaultConfigurationIsVisible = 0;
			defaultConfigurationName = Release;
		};
		BA611E5B1A63C88F00736A5F /* Build configuration list for PBXNativeTarget "SlimEAS" */ = {
			isa = XCConfigurationList;
			buildConfigurations = (
				BA611E5C1A63C88F00736A5F /* Debug */,
				BA611E5D1A63C88F00736A5F /* Release */,
			);
			defaultConfigurationIsVisible = 0;
			defaultConfigurationName = Release;
		};
		BA611F591A63E26800736A5F /* Build configuration list for PBXNativeTarget "SlimEASDemo" */ = {
			isa = XCConfigurationList;
			buildConfigurations = (
				BA611F5A1A63E26800736A5F /* Debug */,
				BA611F5B1A63E26800736A5F /* Release */,
			);
			defaultConfigurationIsVisible = 0;
			defaultConfigurationName = Release;
		};
/* End XCConfigurationList section */
	};
	rootObject = BA611E3F1A63C88F00736A5F /* Project object */;
}
