// !$*UTF8*$!
{
	archiveVersion = 1;
	classes = {
	};
	objectVersion = 46;
	objects = {

/* Begin PBXBuildFile section */
		BA577E6E1A3DBBF600AFFA14 /* main.cpp in Sources */ = {isa = PBXBuildFile; fileRef = BA577E6D1A3DBBF600AFFA14 /* main.cpp */; };
		BA577EE11A3DE55800AFFA14 /* SASWBXml.cpp in Sources */ = {isa = PBXBuildFile; fileRef = BA577EDF1A3DE55800AFFA14 /* SASWBXml.cpp */; };
		BA577EFC1A3EA9EC00AFFA14 /* libexpat.dylib in Frameworks */ = {isa = PBXBuildFile; fileRef = BA577EFB1A3EA9EC00AFFA14 /* libexpat.dylib */; };
		BA577EFF1A3ED3EF00AFFA14 /* SASOptionsRequest.cpp in Sources */ = {isa = PBXBuildFile; fileRef = BA577EFD1A3ED3EF00AFFA14 /* SASOptionsRequest.cpp */; };
		BA577F3B1A3EDD1000AFFA14 /* curl_easy.cpp in Sources */ = {isa = PBXBuildFile; fileRef = BA577F331A3EDD1000AFFA14 /* curl_easy.cpp */; };
		BA577F3C1A3EDD1000AFFA14 /* curl_exception.cpp in Sources */ = {isa = PBXBuildFile; fileRef = BA577F341A3EDD1000AFFA14 /* curl_exception.cpp */; };
		BA577F3D1A3EDD1000AFFA14 /* curl_form.cpp in Sources */ = {isa = PBXBuildFile; fileRef = BA577F351A3EDD1000AFFA14 /* curl_form.cpp */; };
		BA577F3E1A3EDD1000AFFA14 /* curl_header.cpp in Sources */ = {isa = PBXBuildFile; fileRef = BA577F361A3EDD1000AFFA14 /* curl_header.cpp */; };
		BA577F3F1A3EDD1000AFFA14 /* curl_info.cpp in Sources */ = {isa = PBXBuildFile; fileRef = BA577F371A3EDD1000AFFA14 /* curl_info.cpp */; };
		BA577F401A3EDD1000AFFA14 /* curl_multi.cpp in Sources */ = {isa = PBXBuildFile; fileRef = BA577F381A3EDD1000AFFA14 /* curl_multi.cpp */; };
		BA577F411A3EDD1000AFFA14 /* curl_share.cpp in Sources */ = {isa = PBXBuildFile; fileRef = BA577F391A3EDD1000AFFA14 /* curl_share.cpp */; };
		BA577F421A3EDD1000AFFA14 /* curl_writer.cpp in Sources */ = {isa = PBXBuildFile; fileRef = BA577F3A1A3EDD1000AFFA14 /* curl_writer.cpp */; };
		BA577F541A400F4A00AFFA14 /* http_parser.c in Sources */ = {isa = PBXBuildFile; fileRef = BA577F521A400F4A00AFFA14 /* http_parser.c */; };
		BA577F581A40796800AFFA14 /* SASOptionsResponse.cpp in Sources */ = {isa = PBXBuildFile; fileRef = BA577F561A40796800AFFA14 /* SASOptionsResponse.cpp */; };
/* End PBXBuildFile section */

/* Begin PBXCopyFilesBuildPhase section */
		BA577E681A3DBBF600AFFA14 /* CopyFiles */ = {
			isa = PBXCopyFilesBuildPhase;
			buildActionMask = 8;
			dstPath = usr/share/man/man1;
			dstSubfolderSpec = 16;
			files = (
			);
			runOnlyForDeploymentPostprocessing = 1;
		};
/* End PBXCopyFilesBuildPhase section */

/* Begin PBXFileReference section */
		53A340F5F0F2D48160ABDFA5 /* Pods-SlimEAS.release.xcconfig */ = {isa = PBXFileReference; includeInIndex = 1; lastKnownFileType = text.xcconfig; name = "Pods-SlimEAS.release.xcconfig"; path = "Pods/Target Support Files/Pods-SlimEAS/Pods-SlimEAS.release.xcconfig"; sourceTree = "<group>"; };
		5D354E9349270CD1CC4F7266 /* libPods-SlimEAS.a */ = {isa = PBXFileReference; explicitFileType = archive.ar; includeInIndex = 0; path = "libPods-SlimEAS.a"; sourceTree = BUILT_PRODUCTS_DIR; };
		90E344EA0B7514C84511E335 /* Pods-SlimEAS.debug.xcconfig */ = {isa = PBXFileReference; includeInIndex = 1; lastKnownFileType = text.xcconfig; name = "Pods-SlimEAS.debug.xcconfig"; path = "Pods/Target Support Files/Pods-SlimEAS/Pods-SlimEAS.debug.xcconfig"; sourceTree = "<group>"; };
		BA577E6A1A3DBBF600AFFA14 /* SlimEAS */ = {isa = PBXFileReference; explicitFileType = "compiled.mach-o.executable"; includeInIndex = 0; path = SlimEAS; sourceTree = BUILT_PRODUCTS_DIR; };
		BA577E6D1A3DBBF600AFFA14 /* main.cpp */ = {isa = PBXFileReference; lastKnownFileType = sourcecode.cpp.cpp; path = main.cpp; sourceTree = "<group>"; };
		BA577EC91A3DD99B00AFFA14 /* libcurl.dylib */ = {isa = PBXFileReference; lastKnownFileType = "compiled.mach-o.dylib"; name = libcurl.dylib; path = usr/lib/libcurl.dylib; sourceTree = SDKROOT; };
		BA577ECB1A3DDF2700AFFA14 /* libcurl.4.dylib */ = {isa = PBXFileReference; lastKnownFileType = "compiled.mach-o.dylib"; name = libcurl.4.dylib; path = usr/lib/libcurl.4.dylib; sourceTree = SDKROOT; };
		BA577EDF1A3DE55800AFFA14 /* SASWBXml.cpp */ = {isa = PBXFileReference; fileEncoding = 4; lastKnownFileType = sourcecode.cpp.cpp; path = SASWBXml.cpp; sourceTree = "<group>"; };
		BA577EE01A3DE55800AFFA14 /* SASWBXml.h */ = {isa = PBXFileReference; fileEncoding = 4; lastKnownFileType = sourcecode.c.h; path = SASWBXml.h; sourceTree = "<group>"; };
		BA577EFB1A3EA9EC00AFFA14 /* libexpat.dylib */ = {isa = PBXFileReference; lastKnownFileType = "compiled.mach-o.dylib"; name = libexpat.dylib; path = usr/lib/libexpat.dylib; sourceTree = SDKROOT; };
		BA577EFD1A3ED3EF00AFFA14 /* SASOptionsRequest.cpp */ = {isa = PBXFileReference; fileEncoding = 4; lastKnownFileType = sourcecode.cpp.cpp; path = SASOptionsRequest.cpp; sourceTree = "<group>"; };
		BA577EFE1A3ED3EF00AFFA14 /* SASOptionsRequest.h */ = {isa = PBXFileReference; fileEncoding = 4; lastKnownFileType = sourcecode.c.h; path = SASOptionsRequest.h; sourceTree = "<group>"; };
		BA577F001A3ED70000AFFA14 /* SASDefine.h */ = {isa = PBXFileReference; lastKnownFileType = sourcecode.c.h; path = SASDefine.h; sourceTree = "<group>"; };
		BA577F331A3EDD1000AFFA14 /* curl_easy.cpp */ = {isa = PBXFileReference; fileEncoding = 4; lastKnownFileType = sourcecode.cpp.cpp; path = curl_easy.cpp; sourceTree = "<group>"; };
		BA577F341A3EDD1000AFFA14 /* curl_exception.cpp */ = {isa = PBXFileReference; fileEncoding = 4; lastKnownFileType = sourcecode.cpp.cpp; path = curl_exception.cpp; sourceTree = "<group>"; };
		BA577F351A3EDD1000AFFA14 /* curl_form.cpp */ = {isa = PBXFileReference; fileEncoding = 4; lastKnownFileType = sourcecode.cpp.cpp; path = curl_form.cpp; sourceTree = "<group>"; };
		BA577F361A3EDD1000AFFA14 /* curl_header.cpp */ = {isa = PBXFileReference; fileEncoding = 4; lastKnownFileType = sourcecode.cpp.cpp; path = curl_header.cpp; sourceTree = "<group>"; };
		BA577F371A3EDD1000AFFA14 /* curl_info.cpp */ = {isa = PBXFileReference; fileEncoding = 4; lastKnownFileType = sourcecode.cpp.cpp; path = curl_info.cpp; sourceTree = "<group>"; };
		BA577F381A3EDD1000AFFA14 /* curl_multi.cpp */ = {isa = PBXFileReference; fileEncoding = 4; lastKnownFileType = sourcecode.cpp.cpp; path = curl_multi.cpp; sourceTree = "<group>"; };
		BA577F391A3EDD1000AFFA14 /* curl_share.cpp */ = {isa = PBXFileReference; fileEncoding = 4; lastKnownFileType = sourcecode.cpp.cpp; path = curl_share.cpp; sourceTree = "<group>"; };
		BA577F3A1A3EDD1000AFFA14 /* curl_writer.cpp */ = {isa = PBXFileReference; fileEncoding = 4; lastKnownFileType = sourcecode.cpp.cpp; path = curl_writer.cpp; sourceTree = "<group>"; };
		BA577F441A3EDD2F00AFFA14 /* curl_easy.h */ = {isa = PBXFileReference; fileEncoding = 4; lastKnownFileType = sourcecode.c.h; path = curl_easy.h; sourceTree = "<group>"; };
		BA577F451A3EDD2F00AFFA14 /* curl_exception.h */ = {isa = PBXFileReference; fileEncoding = 4; lastKnownFileType = sourcecode.c.h; path = curl_exception.h; sourceTree = "<group>"; };
		BA577F461A3EDD2F00AFFA14 /* curl_form.h */ = {isa = PBXFileReference; fileEncoding = 4; lastKnownFileType = sourcecode.c.h; path = curl_form.h; sourceTree = "<group>"; };
		BA577F471A3EDD2F00AFFA14 /* curl_header.h */ = {isa = PBXFileReference; fileEncoding = 4; lastKnownFileType = sourcecode.c.h; path = curl_header.h; sourceTree = "<group>"; };
		BA577F481A3EDD2F00AFFA14 /* curl_info.h */ = {isa = PBXFileReference; fileEncoding = 4; lastKnownFileType = sourcecode.c.h; path = curl_info.h; sourceTree = "<group>"; };
		BA577F491A3EDD2F00AFFA14 /* curl_interface.h */ = {isa = PBXFileReference; fileEncoding = 4; lastKnownFileType = sourcecode.c.h; path = curl_interface.h; sourceTree = "<group>"; };
		BA577F4A1A3EDD2F00AFFA14 /* curl_multi.h */ = {isa = PBXFileReference; fileEncoding = 4; lastKnownFileType = sourcecode.c.h; path = curl_multi.h; sourceTree = "<group>"; };
		BA577F4B1A3EDD2F00AFFA14 /* curl_pair.h */ = {isa = PBXFileReference; fileEncoding = 4; lastKnownFileType = sourcecode.c.h; path = curl_pair.h; sourceTree = "<group>"; };
		BA577F4C1A3EDD2F00AFFA14 /* curl_receiver.h */ = {isa = PBXFileReference; fileEncoding = 4; lastKnownFileType = sourcecode.c.h; path = curl_receiver.h; sourceTree = "<group>"; };
		BA577F4D1A3EDD2F00AFFA14 /* curl_sender.h */ = {isa = PBXFileReference; fileEncoding = 4; lastKnownFileType = sourcecode.c.h; path = curl_sender.h; sourceTree = "<group>"; };
		BA577F4E1A3EDD2F00AFFA14 /* curl_share.h */ = {isa = PBXFileReference; fileEncoding = 4; lastKnownFileType = sourcecode.c.h; path = curl_share.h; sourceTree = "<group>"; };
		BA577F4F1A3EDD2F00AFFA14 /* curl_utility.h */ = {isa = PBXFileReference; fileEncoding = 4; lastKnownFileType = sourcecode.c.h; path = curl_utility.h; sourceTree = "<group>"; };
		BA577F501A3EDD2F00AFFA14 /* curl_writer.h */ = {isa = PBXFileReference; fileEncoding = 4; lastKnownFileType = sourcecode.c.h; path = curl_writer.h; sourceTree = "<group>"; };
		BA577F521A400F4A00AFFA14 /* http_parser.c */ = {isa = PBXFileReference; fileEncoding = 4; lastKnownFileType = sourcecode.c.c; path = http_parser.c; sourceTree = "<group>"; };
		BA577F531A400F4A00AFFA14 /* http_parser.h */ = {isa = PBXFileReference; fileEncoding = 4; lastKnownFileType = sourcecode.c.h; path = http_parser.h; sourceTree = "<group>"; };
		BA577F561A40796800AFFA14 /* SASOptionsResponse.cpp */ = {isa = PBXFileReference; fileEncoding = 4; lastKnownFileType = sourcecode.cpp.cpp; path = SASOptionsResponse.cpp; sourceTree = "<group>"; };
		BA577F571A40796800AFFA14 /* SASOptionsResponse.h */ = {isa = PBXFileReference; fileEncoding = 4; lastKnownFileType = sourcecode.c.h; path = SASOptionsResponse.h; sourceTree = "<group>"; };
/* End PBXFileReference section */

/* Begin PBXFrameworksBuildPhase section */
		BA577E671A3DBBF600AFFA14 /* Frameworks */ = {
			isa = PBXFrameworksBuildPhase;
			buildActionMask = 2147483647;
			files = (
				BA577EFC1A3EA9EC00AFFA14 /* libexpat.dylib in Frameworks */,
			);
			runOnlyForDeploymentPostprocessing = 0;
		};
/* End PBXFrameworksBuildPhase section */

/* Begin PBXGroup section */
		09185763F542F3456E78F18C /* Frameworks */ = {
			isa = PBXGroup;
			children = (
				BA577EFB1A3EA9EC00AFFA14 /* libexpat.dylib */,
				BA577ECB1A3DDF2700AFFA14 /* libcurl.4.dylib */,
				BA577EC91A3DD99B00AFFA14 /* libcurl.dylib */,
				5D354E9349270CD1CC4F7266 /* libPods-SlimEAS.a */,
			);
			name = Frameworks;
			sourceTree = "<group>";
		};
		B9CD3FFBC2885B534A0337E9 /* Pods */ = {
			isa = PBXGroup;
			children = (
				90E344EA0B7514C84511E335 /* Pods-SlimEAS.debug.xcconfig */,
				53A340F5F0F2D48160ABDFA5 /* Pods-SlimEAS.release.xcconfig */,
			);
			name = Pods;
			sourceTree = "<group>";
		};
		BA577E611A3DBBF600AFFA14 = {
			isa = PBXGroup;
			children = (
				BA577E6C1A3DBBF600AFFA14 /* SlimEAS */,
				BA577E6B1A3DBBF600AFFA14 /* Products */,
				B9CD3FFBC2885B534A0337E9 /* Pods */,
				09185763F542F3456E78F18C /* Frameworks */,
			);
			sourceTree = "<group>";
		};
		BA577E6B1A3DBBF600AFFA14 /* Products */ = {
			isa = PBXGroup;
			children = (
				BA577E6A1A3DBBF600AFFA14 /* SlimEAS */,
			);
			name = Products;
			sourceTree = "<group>";
		};
		BA577E6C1A3DBBF600AFFA14 /* SlimEAS */ = {
			isa = PBXGroup;
			children = (
				BA577F511A400F1A00AFFA14 /* httpParser */,
				BA577EDE1A3DE53500AFFA14 /* src */,
				BA577EAA1A3DD45C00AFFA14 /* curlcpp */,
				BA577E6D1A3DBBF600AFFA14 /* main.cpp */,
			);
			path = SlimEAS;
			sourceTree = "<group>";
		};
		BA577EAA1A3DD45C00AFFA14 /* curlcpp */ = {
			isa = PBXGroup;
			children = (
				BA577F431A3EDD2F00AFFA14 /* include */,
				BA577F311A3EDD1000AFFA14 /* src */,
			);
			name = curlcpp;
			sourceTree = "<group>";
		};
		BA577EDE1A3DE53500AFFA14 /* src */ = {
			isa = PBXGroup;
			children = (
				BA577EDF1A3DE55800AFFA14 /* SASWBXml.cpp */,
				BA577EE01A3DE55800AFFA14 /* SASWBXml.h */,
				BA577F561A40796800AFFA14 /* SASOptionsResponse.cpp */,
				BA577F571A40796800AFFA14 /* SASOptionsResponse.h */,
				BA577EFD1A3ED3EF00AFFA14 /* SASOptionsRequest.cpp */,
				BA577EFE1A3ED3EF00AFFA14 /* SASOptionsRequest.h */,
				BA577F001A3ED70000AFFA14 /* SASDefine.h */,
			);
			name = src;
			sourceTree = "<group>";
		};
		BA577F311A3EDD1000AFFA14 /* src */ = {
			isa = PBXGroup;
			children = (
				BA577F331A3EDD1000AFFA14 /* curl_easy.cpp */,
				BA577F341A3EDD1000AFFA14 /* curl_exception.cpp */,
				BA577F351A3EDD1000AFFA14 /* curl_form.cpp */,
				BA577F361A3EDD1000AFFA14 /* curl_header.cpp */,
				BA577F371A3EDD1000AFFA14 /* curl_info.cpp */,
				BA577F381A3EDD1000AFFA14 /* curl_multi.cpp */,
				BA577F391A3EDD1000AFFA14 /* curl_share.cpp */,
				BA577F3A1A3EDD1000AFFA14 /* curl_writer.cpp */,
			);
			path = src;
			sourceTree = "<group>";
		};
		BA577F431A3EDD2F00AFFA14 /* include */ = {
			isa = PBXGroup;
			children = (
				BA577F441A3EDD2F00AFFA14 /* curl_easy.h */,
				BA577F451A3EDD2F00AFFA14 /* curl_exception.h */,
				BA577F461A3EDD2F00AFFA14 /* curl_form.h */,
				BA577F471A3EDD2F00AFFA14 /* curl_header.h */,
				BA577F481A3EDD2F00AFFA14 /* curl_info.h */,
				BA577F491A3EDD2F00AFFA14 /* curl_interface.h */,
				BA577F4A1A3EDD2F00AFFA14 /* curl_multi.h */,
				BA577F4B1A3EDD2F00AFFA14 /* curl_pair.h */,
				BA577F4C1A3EDD2F00AFFA14 /* curl_receiver.h */,
				BA577F4D1A3EDD2F00AFFA14 /* curl_sender.h */,
				BA577F4E1A3EDD2F00AFFA14 /* curl_share.h */,
				BA577F4F1A3EDD2F00AFFA14 /* curl_utility.h */,
				BA577F501A3EDD2F00AFFA14 /* curl_writer.h */,
			);
			path = include;
			sourceTree = "<group>";
		};
		BA577F511A400F1A00AFFA14 /* httpParser */ = {
			isa = PBXGroup;
			children = (
				BA577F521A400F4A00AFFA14 /* http_parser.c */,
				BA577F531A400F4A00AFFA14 /* http_parser.h */,
			);
			name = httpParser;
			sourceTree = "<group>";
		};
/* End PBXGroup section */

/* Begin PBXNativeTarget section */
		BA577E691A3DBBF600AFFA14 /* SlimEAS */ = {
			isa = PBXNativeTarget;
			buildConfigurationList = BA577E711A3DBBF600AFFA14 /* Build configuration list for PBXNativeTarget "SlimEAS" */;
			buildPhases = (
				5633F2B1A42C7D16F4BFFC17 /* Check Pods Manifest.lock */,
				BA577E661A3DBBF600AFFA14 /* Sources */,
				BA577E671A3DBBF600AFFA14 /* Frameworks */,
				BA577E681A3DBBF600AFFA14 /* CopyFiles */,
				59AD1C5E7B205FBF2DAC6980 /* Copy Pods Resources */,
			);
			buildRules = (
			);
			dependencies = (
			);
			name = SlimEAS;
			productName = SlimEAS;
			productReference = BA577E6A1A3DBBF600AFFA14 /* SlimEAS */;
			productType = "com.apple.product-type.tool";
		};
/* End PBXNativeTarget section */

/* Begin PBXProject section */
		BA577E621A3DBBF600AFFA14 /* Project object */ = {
			isa = PBXProject;
			attributes = {
				LastUpgradeCheck = 0610;
				ORGANIZATIONNAME = Slim;
				TargetAttributes = {
					BA577E691A3DBBF600AFFA14 = {
						CreatedOnToolsVersion = 6.1.1;
					};
				};
			};
			buildConfigurationList = BA577E651A3DBBF600AFFA14 /* Build configuration list for PBXProject "SlimEAS" */;
			compatibilityVersion = "Xcode 3.2";
			developmentRegion = English;
			hasScannedForEncodings = 0;
			knownRegions = (
				en,
			);
			mainGroup = BA577E611A3DBBF600AFFA14;
			productRefGroup = BA577E6B1A3DBBF600AFFA14 /* Products */;
			projectDirPath = "";
			projectRoot = "";
			targets = (
				BA577E691A3DBBF600AFFA14 /* SlimEAS */,
			);
		};
/* End PBXProject section */

/* Begin PBXShellScriptBuildPhase section */
		5633F2B1A42C7D16F4BFFC17 /* Check Pods Manifest.lock */ = {
			isa = PBXShellScriptBuildPhase;
			buildActionMask = 2147483647;
			files = (
			);
			inputPaths = (
			);
			name = "Check Pods Manifest.lock";
			outputPaths = (
			);
			runOnlyForDeploymentPostprocessing = 0;
			shellPath = /bin/sh;
			shellScript = "diff \"${PODS_ROOT}/../Podfile.lock\" \"${PODS_ROOT}/Manifest.lock\" > /dev/null\nif [[ $? != 0 ]] ; then\n    cat << EOM\nerror: The sandbox is not in sync with the Podfile.lock. Run 'pod install' or update your CocoaPods installation.\nEOM\n    exit 1\nfi\n";
			showEnvVarsInLog = 0;
		};
		59AD1C5E7B205FBF2DAC6980 /* Copy Pods Resources */ = {
			isa = PBXShellScriptBuildPhase;
			buildActionMask = 2147483647;
			files = (
			);
			inputPaths = (
			);
			name = "Copy Pods Resources";
			outputPaths = (
			);
			runOnlyForDeploymentPostprocessing = 0;
			shellPath = /bin/sh;
			shellScript = "\"${SRCROOT}/Pods/Target Support Files/Pods-SlimEAS/Pods-SlimEAS-resources.sh\"\n";
			showEnvVarsInLog = 0;
		};
/* End PBXShellScriptBuildPhase section */

/* Begin PBXSourcesBuildPhase section */
		BA577E661A3DBBF600AFFA14 /* Sources */ = {
			isa = PBXSourcesBuildPhase;
			buildActionMask = 2147483647;
			files = (
				BA577EE11A3DE55800AFFA14 /* SASWBXml.cpp in Sources */,
				BA577F3C1A3EDD1000AFFA14 /* curl_exception.cpp in Sources */,
				BA577F3B1A3EDD1000AFFA14 /* curl_easy.cpp in Sources */,
				BA577F581A40796800AFFA14 /* SASOptionsResponse.cpp in Sources */,
				BA577F411A3EDD1000AFFA14 /* curl_share.cpp in Sources */,
				BA577E6E1A3DBBF600AFFA14 /* main.cpp in Sources */,
				BA577EFF1A3ED3EF00AFFA14 /* SASOptionsRequest.cpp in Sources */,
				BA577F3E1A3EDD1000AFFA14 /* curl_header.cpp in Sources */,
				BA577F421A3EDD1000AFFA14 /* curl_writer.cpp in Sources */,
				BA577F3D1A3EDD1000AFFA14 /* curl_form.cpp in Sources */,
				BA577F401A3EDD1000AFFA14 /* curl_multi.cpp in Sources */,
				BA577F541A400F4A00AFFA14 /* http_parser.c in Sources */,
				BA577F3F1A3EDD1000AFFA14 /* curl_info.cpp in Sources */,
			);
			runOnlyForDeploymentPostprocessing = 0;
		};
/* End PBXSourcesBuildPhase section */

/* Begin XCBuildConfiguration section */
		BA577E6F1A3DBBF600AFFA14 /* Debug */ = {
			isa = XCBuildConfiguration;
			buildSettings = {
				ALWAYS_SEARCH_USER_PATHS = NO;
				CLANG_CXX_LANGUAGE_STANDARD = "gnu++0x";
				CLANG_CXX_LIBRARY = "libc++";
				CLANG_ENABLE_MODULES = YES;
				CLANG_ENABLE_OBJC_ARC = YES;
				CLANG_WARN_BOOL_CONVERSION = YES;
				CLANG_WARN_CONSTANT_CONVERSION = YES;
				CLANG_WARN_DIRECT_OBJC_ISA_USAGE = YES_ERROR;
				CLANG_WARN_EMPTY_BODY = YES;
				CLANG_WARN_ENUM_CONVERSION = YES;
				CLANG_WARN_INT_CONVERSION = YES;
				CLANG_WARN_OBJC_ROOT_CLASS = YES_ERROR;
				CLANG_WARN_UNREACHABLE_CODE = YES;
				CLANG_WARN__DUPLICATE_METHOD_MATCH = YES;
				COPY_PHASE_STRIP = NO;
				ENABLE_STRICT_OBJC_MSGSEND = YES;
				GCC_C_LANGUAGE_STANDARD = gnu99;
				GCC_DYNAMIC_NO_PIC = NO;
				GCC_OPTIMIZATION_LEVEL = 0;
				GCC_PREPROCESSOR_DEFINITIONS = (
					"DEBUG=1",
					"$(inherited)",
				);
				GCC_SYMBOLS_PRIVATE_EXTERN = NO;
				GCC_WARN_64_TO_32_BIT_CONVERSION = YES;
				GCC_WARN_ABOUT_RETURN_TYPE = YES_ERROR;
				GCC_WARN_UNDECLARED_SELECTOR = YES;
				GCC_WARN_UNINITIALIZED_AUTOS = YES_AGGRESSIVE;
				GCC_WARN_UNUSED_FUNCTION = YES;
				GCC_WARN_UNUSED_VARIABLE = YES;
				MACOSX_DEPLOYMENT_TARGET = 10.10;
				MTL_ENABLE_DEBUG_INFO = YES;
				ONLY_ACTIVE_ARCH = YES;
				SDKROOT = macosx;
			};
			name = Debug;
		};
		BA577E701A3DBBF600AFFA14 /* Release */ = {
			isa = XCBuildConfiguration;
			buildSettings = {
				ALWAYS_SEARCH_USER_PATHS = NO;
				CLANG_CXX_LANGUAGE_STANDARD = "gnu++0x";
				CLANG_CXX_LIBRARY = "libc++";
				CLANG_ENABLE_MODULES = YES;
				CLANG_ENABLE_OBJC_ARC = YES;
				CLANG_WARN_BOOL_CONVERSION = YES;
				CLANG_WARN_CONSTANT_CONVERSION = YES;
				CLANG_WARN_DIRECT_OBJC_ISA_USAGE = YES_ERROR;
				CLANG_WARN_EMPTY_BODY = YES;
				CLANG_WARN_ENUM_CONVERSION = YES;
				CLANG_WARN_INT_CONVERSION = YES;
				CLANG_WARN_OBJC_ROOT_CLASS = YES_ERROR;
				CLANG_WARN_UNREACHABLE_CODE = YES;
				CLANG_WARN__DUPLICATE_METHOD_MATCH = YES;
				COPY_PHASE_STRIP = YES;
				DEBUG_INFORMATION_FORMAT = "dwarf-with-dsym";
				ENABLE_NS_ASSERTIONS = NO;
				ENABLE_STRICT_OBJC_MSGSEND = YES;
				GCC_C_LANGUAGE_STANDARD = gnu99;
				GCC_WARN_64_TO_32_BIT_CONVERSION = YES;
				GCC_WARN_ABOUT_RETURN_TYPE = YES_ERROR;
				GCC_WARN_UNDECLARED_SELECTOR = YES;
				GCC_WARN_UNINITIALIZED_AUTOS = YES_AGGRESSIVE;
				GCC_WARN_UNUSED_FUNCTION = YES;
				GCC_WARN_UNUSED_VARIABLE = YES;
				MACOSX_DEPLOYMENT_TARGET = 10.10;
				MTL_ENABLE_DEBUG_INFO = NO;
				SDKROOT = macosx;
			};
			name = Release;
		};
		BA577E721A3DBBF600AFFA14 /* Debug */ = {
			isa = XCBuildConfiguration;
			baseConfigurationReference = 90E344EA0B7514C84511E335 /* Pods-SlimEAS.debug.xcconfig */;
			buildSettings = {
				HEADER_SEARCH_PATHS = (
					"\"${PODS_ROOT}/Headers/Public\"",
					"\"${PODS_ROOT}/Headers/Public/expat\"",
					"\"${PODS_ROOT}/Headers/Public/libwbxml\"",
					"$(PODS_ROOT)/expat",
					"$(PODS_ROOT)/wbxml/src",
					"\"$(PROJECT_DIR)/External/include\"",
				);
				LIBRARY_SEARCH_PATHS = "\"$(PROJECT_DIR)/External/lib\"";
				OTHER_LDFLAGS = (
					"-ObjC",
					"-l\"Pods-SlimEAS-expat\"",
					"-l\"Pods-SlimEAS-libwbxml\"",
					"-lcurl.4",
				);
				PRODUCT_NAME = "$(TARGET_NAME)";
			};
			name = Debug;
		};
		BA577E731A3DBBF600AFFA14 /* Release */ = {
			isa = XCBuildConfiguration;
			baseConfigurationReference = 53A340F5F0F2D48160ABDFA5 /* Pods-SlimEAS.release.xcconfig */;
			buildSettings = {
				HEADER_SEARCH_PATHS = (
					"\"${PODS_ROOT}/Headers/Public\"",
					"\"${PODS_ROOT}/Headers/Public/expat\"",
					"\"${PODS_ROOT}/Headers/Public/libwbxml\"",
					"$(PODS_ROOT)/expat",
					"$(PODS_ROOT)/wbxml/src",
					"\"$(PROJECT_DIR)/External/include\"",
				);
				LIBRARY_SEARCH_PATHS = "\"$(PROJECT_DIR)/External/lib\"";
				OTHER_LDFLAGS = (
					"-ObjC",
					"-l\"Pods-SlimEAS-expat\"",
					"-l\"Pods-SlimEAS-libwbxml\"",
					"-lcurl.4",
				);
				PRODUCT_NAME = "$(TARGET_NAME)";
			};
			name = Release;
		};
/* End XCBuildConfiguration section */

/* Begin XCConfigurationList section */
		BA577E651A3DBBF600AFFA14 /* Build configuration list for PBXProject "SlimEAS" */ = {
			isa = XCConfigurationList;
			buildConfigurations = (
				BA577E6F1A3DBBF600AFFA14 /* Debug */,
				BA577E701A3DBBF600AFFA14 /* Release */,
			);
			defaultConfigurationIsVisible = 0;
			defaultConfigurationName = Release;
		};
		BA577E711A3DBBF600AFFA14 /* Build configuration list for PBXNativeTarget "SlimEAS" */ = {
			isa = XCConfigurationList;
			buildConfigurations = (
				BA577E721A3DBBF600AFFA14 /* Debug */,
				BA577E731A3DBBF600AFFA14 /* Release */,
			);
			defaultConfigurationIsVisible = 0;
			defaultConfigurationName = Release;
		};
/* End XCConfigurationList section */
	};
	rootObject = BA577E621A3DBBF600AFFA14 /* Project object */;
}
